
Microsoft Visual Studio Solution File, Format Version 12.00
# Visual Studio Version 17
VisualStudioVersion = 17.9.34902.65
MinimumVisualStudioVersion = 10.0.40219.1
Project("{FAE04EC0-301F-11D3-BF4B-00C04F79EFBC}") = "Q_01", "Q_01\Q_01.csproj", "{5FB0785E-3D26-4729-92D3-0BD743BBFB8D}"
EndProject
Project("{FAE04EC0-301F-11D3-BF4B-00C04F79EFBC}") = "Q_02", "Q_02\Q_02.csproj", "{4D75413A-4630-47CF-9A11-0C37B21E92C2}"
EndProject
Project("{FAE04EC0-301F-11D3-BF4B-00C04F79EFBC}") = "Q_03", "Q_03\Q_03.csproj", "{3E520FE4-B8E5-4A81-9B26-2B63467C2A49}"
EndProject
Project("{FAE04EC0-301F-11D3-BF4B-00C04F79EFBC}") = "Q_04", "Q_04\Q_04.csproj", "{232800E7-AFE5-4AE3-ADA8-E07291FF1AA4}"
EndProject
Project("{FAE04EC0-301F-11D3-BF4B-00C04F79EFBC}") = "Q_05", "Q_05\Q_05.csproj", "{2E5669DF-A01A-4CCE-92A4-18D80206BF76}"
EndProject
Project("{FAE04EC0-301F-11D3-BF4B-00C04F79EFBC}") = "Q_06", "Q_06\Q_06.csproj", "{E581DE33-C6EA-475B-AF7A-E8C18DBD2CF6}"
EndProject
Project("{FAE04EC0-301F-11D3-BF4B-00C04F79EFBC}") = "Q_07", "Q_07\Q_07.csproj", "{023DF879-CADD-4A25-B686-BA321505C20E}"
EndProject
Project("{FAE04EC0-301F-11D3-BF4B-00C04F79EFBC}") = "Q_08", "Q_08\Q_08.csproj", "{DA68430C-FC4C-4A60-84B4-5C8507928452}"
EndProject
Project("{FAE04EC0-301F-11D3-BF4B-00C04F79EFBC}") = "Q_09", "Q_09\Q_09.csproj", "{66BA0AF6-73C7-4DE5-B48B-BE838C91273D}"
EndProject
Project("{FAE04EC0-301F-11D3-BF4B-00C04F79EFBC}") = "Q_10", "Q_10\Q_10.csproj", "{DF6425A6-42EC-492B-8EE6-49CEEE468D8B}"
EndProject
Project("{FAE04EC0-301F-11D3-BF4B-00C04F79EFBC}") = "Q_11", "Q_11\Q_11.csproj", "{3381D378-7C46-4A83-AD2D-C6F33FA7CB3F}"
EndProject
Project("{FAE04EC0-301F-11D3-BF4B-00C04F79EFBC}") = "Q_12", "Q_12\Q_12.csproj", "{6D7BF160-94D6-4052-BC6C-C67813FFA25E}"
EndProject
Project("{FAE04EC0-301F-11D3-BF4B-00C04F79EFBC}") = "Q_13", "Q_13\Q_13.csproj", "{16F4BB15-B909-4C3B-BC99-EE33CDAC55C6}"
EndProject
Project("{FAE04EC0-301F-11D3-BF4B-00C04F79EFBC}") = "Q_14", "Q_14\Q_14.csproj", "{9E79EEE9-9E24-4591-8575-554C329A8D7C}"
EndProject
Project("{FAE04EC0-301F-11D3-BF4B-00C04F79EFBC}") = "Q_15", "Q_15\Q_15.csproj", "{0FC497A3-4F55-4872-9A08-A999DD0938B4}"
EndProject
Project("{FAE04EC0-301F-11D3-BF4B-00C04F79EFBC}") = "Q_16", "Q_16\Q_16.csproj", "{E2D144ED-F540-4C92-9238-A6E39C8C9ED3}"
EndProject
Project("{FAE04EC0-301F-11D3-BF4B-00C04F79EFBC}") = "Q_17", "Q_17\Q_17.csproj", "{6FFF2B87-8D6D-41DD-A1D7-C21C2A0A4CAF}"
EndProject
Project("{FAE04EC0-301F-11D3-BF4B-00C04F79EFBC}") = "Q_18", "Q_18\Q_18.csproj", "{67359BDB-0D03-4CF7-A8B5-2385554694BD}"
EndProject
Project("{FAE04EC0-301F-11D3-BF4B-00C04F79EFBC}") = "Q_19", "Q_19\Q_19.csproj", "{2B299712-51FC-468F-A638-B86DC23B2D3D}"
EndProject
Project("{FAE04EC0-301F-11D3-BF4B-00C04F79EFBC}") = "Q_20", "Q_20\Q_20.csproj", "{E5BFA52C-290D-486E-A5DA-D94765A9DE68}"
EndProject
Project("{FAE04EC0-301F-11D3-BF4B-00C04F79EFBC}") = "Q_21", "Q_21\Q_21.csproj", "{4096CB40-4993-48F9-95F0-62EDA929D57D}"
EndProject
Project("{FAE04EC0-301F-11D3-BF4B-00C04F79EFBC}") = "Q_22", "Q_22\Q_22.csproj", "{A9016647-E679-4B1C-BE2D-C99DE7F84690}"
EndProject
Project("{FAE04EC0-301F-11D3-BF4B-00C04F79EFBC}") = "Q_23", "Q_23\Q_23.csproj", "{1AF2091C-59BA-4103-ACC7-5587295F6560}"
EndProject
Project("{FAE04EC0-301F-11D3-BF4B-00C04F79EFBC}") = "Q_24", "Q_24\Q_24.csproj", "{5CCCB4B1-4EE6-4F5A-A33E-47E8BB782BD0}"
EndProject
Project("{FAE04EC0-301F-11D3-BF4B-00C04F79EFBC}") = "Q_25", "Q_25\Q_25.csproj", "{DB84DA6A-485C-49A1-A47B-0CACEE16C3EA}"
EndProject
Global
	GlobalSection(SolutionConfigurationPlatforms) = preSolution
		Debug|Any CPU = Debug|Any CPU
		Release|Any CPU = Release|Any CPU
	EndGlobalSection
	GlobalSection(ProjectConfigurationPlatforms) = postSolution
		{5FB0785E-3D26-4729-92D3-0BD743BBFB8D}.Debug|Any CPU.ActiveCfg = Debug|Any CPU
		{5FB0785E-3D26-4729-92D3-0BD743BBFB8D}.Debug|Any CPU.Build.0 = Debug|Any CPU
		{5FB0785E-3D26-4729-92D3-0BD743BBFB8D}.Release|Any CPU.ActiveCfg = Release|Any CPU
		{5FB0785E-3D26-4729-92D3-0BD743BBFB8D}.Release|Any CPU.Build.0 = Release|Any CPU
		{4D75413A-4630-47CF-9A11-0C37B21E92C2}.Debug|Any CPU.ActiveCfg = Debug|Any CPU
		{4D75413A-4630-47CF-9A11-0C37B21E92C2}.Debug|Any CPU.Build.0 = Debug|Any CPU
		{4D75413A-4630-47CF-9A11-0C37B21E92C2}.Release|Any CPU.ActiveCfg = Release|Any CPU
		{4D75413A-4630-47CF-9A11-0C37B21E92C2}.Release|Any CPU.Build.0 = Release|Any CPU
		{3E520FE4-B8E5-4A81-9B26-2B63467C2A49}.Debug|Any CPU.ActiveCfg = Debug|Any CPU
		{3E520FE4-B8E5-4A81-9B26-2B63467C2A49}.Debug|Any CPU.Build.0 = Debug|Any CPU
		{3E520FE4-B8E5-4A81-9B26-2B63467C2A49}.Release|Any CPU.ActiveCfg = Release|Any CPU
		{3E520FE4-B8E5-4A81-9B26-2B63467C2A49}.Release|Any CPU.Build.0 = Release|Any CPU
		{232800E7-AFE5-4AE3-ADA8-E07291FF1AA4}.Debug|Any CPU.ActiveCfg = Debug|Any CPU
		{232800E7-AFE5-4AE3-ADA8-E07291FF1AA4}.Debug|Any CPU.Build.0 = Debug|Any CPU
		{232800E7-AFE5-4AE3-ADA8-E07291FF1AA4}.Release|Any CPU.ActiveCfg = Release|Any CPU
		{232800E7-AFE5-4AE3-ADA8-E07291FF1AA4}.Release|Any CPU.Build.0 = Release|Any CPU
		{2E5669DF-A01A-4CCE-92A4-18D80206BF76}.Debug|Any CPU.ActiveCfg = Debug|Any CPU
		{2E5669DF-A01A-4CCE-92A4-18D80206BF76}.Debug|Any CPU.Build.0 = Debug|Any CPU
		{2E5669DF-A01A-4CCE-92A4-18D80206BF76}.Release|Any CPU.ActiveCfg = Release|Any CPU
		{2E5669DF-A01A-4CCE-92A4-18D80206BF76}.Release|Any CPU.Build.0 = Release|Any CPU
		{E581DE33-C6EA-475B-AF7A-E8C18DBD2CF6}.Debug|Any CPU.ActiveCfg = Debug|Any CPU
		{E581DE33-C6EA-475B-AF7A-E8C18DBD2CF6}.Debug|Any CPU.Build.0 = Debug|Any CPU
		{E581DE33-C6EA-475B-AF7A-E8C18DBD2CF6}.Release|Any CPU.ActiveCfg = Release|Any CPU
		{E581DE33-C6EA-475B-AF7A-E8C18DBD2CF6}.Release|Any CPU.Build.0 = Release|Any CPU
		{023DF879-CADD-4A25-B686-BA321505C20E}.Debug|Any CPU.ActiveCfg = Debug|Any CPU
		{023DF879-CADD-4A25-B686-BA321505C20E}.Debug|Any CPU.Build.0 = Debug|Any CPU
		{023DF879-CADD-4A25-B686-BA321505C20E}.Release|Any CPU.ActiveCfg = Release|Any CPU
		{023DF879-CADD-4A25-B686-BA321505C20E}.Release|Any CPU.Build.0 = Release|Any CPU
		{DA68430C-FC4C-4A60-84B4-5C8507928452}.Debug|Any CPU.ActiveCfg = Debug|Any CPU
		{DA68430C-FC4C-4A60-84B4-5C8507928452}.Debug|Any CPU.Build.0 = Debug|Any CPU
		{DA68430C-FC4C-4A60-84B4-5C8507928452}.Release|Any CPU.ActiveCfg = Release|Any CPU
		{DA68430C-FC4C-4A60-84B4-5C8507928452}.Release|Any CPU.Build.0 = Release|Any CPU
		{66BA0AF6-73C7-4DE5-B48B-BE838C91273D}.Debug|Any CPU.ActiveCfg = Debug|Any CPU
		{66BA0AF6-73C7-4DE5-B48B-BE838C91273D}.Debug|Any CPU.Build.0 = Debug|Any CPU
		{66BA0AF6-73C7-4DE5-B48B-BE838C91273D}.Release|Any CPU.ActiveCfg = Release|Any CPU
		{66BA0AF6-73C7-4DE5-B48B-BE838C91273D}.Release|Any CPU.Build.0 = Release|Any CPU
		{DF6425A6-42EC-492B-8EE6-49CEEE468D8B}.Debug|Any CPU.ActiveCfg = Debug|Any CPU
		{DF6425A6-42EC-492B-8EE6-49CEEE468D8B}.Debug|Any CPU.Build.0 = Debug|Any CPU
		{DF6425A6-42EC-492B-8EE6-49CEEE468D8B}.Release|Any CPU.ActiveCfg = Release|Any CPU
		{DF6425A6-42EC-492B-8EE6-49CEEE468D8B}.Release|Any CPU.Build.0 = Release|Any CPU
		{3381D378-7C46-4A83-AD2D-C6F33FA7CB3F}.Debug|Any CPU.ActiveCfg = Debug|Any CPU
		{3381D378-7C46-4A83-AD2D-C6F33FA7CB3F}.Debug|Any CPU.Build.0 = Debug|Any CPU
		{3381D378-7C46-4A83-AD2D-C6F33FA7CB3F}.Release|Any CPU.ActiveCfg = Release|Any CPU
		{3381D378-7C46-4A83-AD2D-C6F33FA7CB3F}.Release|Any CPU.Build.0 = Release|Any CPU
		{6D7BF160-94D6-4052-BC6C-C67813FFA25E}.Debug|Any CPU.ActiveCfg = Debug|Any CPU
		{6D7BF160-94D6-4052-BC6C-C67813FFA25E}.Debug|Any CPU.Build.0 = Debug|Any CPU
		{6D7BF160-94D6-4052-BC6C-C67813FFA25E}.Release|Any CPU.ActiveCfg = Release|Any CPU
		{6D7BF160-94D6-4052-BC6C-C67813FFA25E}.Release|Any CPU.Build.0 = Release|Any CPU
		{16F4BB15-B909-4C3B-BC99-EE33CDAC55C6}.Debug|Any CPU.ActiveCfg = Debug|Any CPU
		{16F4BB15-B909-4C3B-BC99-EE33CDAC55C6}.Debug|Any CPU.Build.0 = Debug|Any CPU
		{16F4BB15-B909-4C3B-BC99-EE33CDAC55C6}.Release|Any CPU.ActiveCfg = Release|Any CPU
		{16F4BB15-B909-4C3B-BC99-EE33CDAC55C6}.Release|Any CPU.Build.0 = Release|Any CPU
		{9E79EEE9-9E24-4591-8575-554C329A8D7C}.Debug|Any CPU.ActiveCfg = Debug|Any CPU
		{9E79EEE9-9E24-4591-8575-554C329A8D7C}.Debug|Any CPU.Build.0 = Debug|Any CPU
		{9E79EEE9-9E24-4591-8575-554C329A8D7C}.Release|Any CPU.ActiveCfg = Release|Any CPU
		{9E79EEE9-9E24-4591-8575-554C329A8D7C}.Release|Any CPU.Build.0 = Release|Any CPU
		{0FC497A3-4F55-4872-9A08-A999DD0938B4}.Debug|Any CPU.ActiveCfg = Debug|Any CPU
		{0FC497A3-4F55-4872-9A08-A999DD0938B4}.Debug|Any CPU.Build.0 = Debug|Any CPU
		{0FC497A3-4F55-4872-9A08-A999DD0938B4}.Release|Any CPU.ActiveCfg = Release|Any CPU
		{0FC497A3-4F55-4872-9A08-A999DD0938B4}.Release|Any CPU.Build.0 = Release|Any CPU
		{E2D144ED-F540-4C92-9238-A6E39C8C9ED3}.Debug|Any CPU.ActiveCfg = Debug|Any CPU
		{E2D144ED-F540-4C92-9238-A6E39C8C9ED3}.Debug|Any CPU.Build.0 = Debug|Any CPU
		{E2D144ED-F540-4C92-9238-A6E39C8C9ED3}.Release|Any CPU.ActiveCfg = Release|Any CPU
		{E2D144ED-F540-4C92-9238-A6E39C8C9ED3}.Release|Any CPU.Build.0 = Release|Any CPU
		{6FFF2B87-8D6D-41DD-A1D7-C21C2A0A4CAF}.Debug|Any CPU.ActiveCfg = Debug|Any CPU
		{6FFF2B87-8D6D-41DD-A1D7-C21C2A0A4CAF}.Debug|Any CPU.Build.0 = Debug|Any CPU
		{6FFF2B87-8D6D-41DD-A1D7-C21C2A0A4CAF}.Release|Any CPU.ActiveCfg = Release|Any CPU
		{6FFF2B87-8D6D-41DD-A1D7-C21C2A0A4CAF}.Release|Any CPU.Build.0 = Release|Any CPU
		{67359BDB-0D03-4CF7-A8B5-2385554694BD}.Debug|Any CPU.ActiveCfg = Debug|Any CPU
		{67359BDB-0D03-4CF7-A8B5-2385554694BD}.Debug|Any CPU.Build.0 = Debug|Any CPU
		{67359BDB-0D03-4CF7-A8B5-2385554694BD}.Release|Any CPU.ActiveCfg = Release|Any CPU
		{67359BDB-0D03-4CF7-A8B5-2385554694BD}.Release|Any CPU.Build.0 = Release|Any CPU
		{2B299712-51FC-468F-A638-B86DC23B2D3D}.Debug|Any CPU.ActiveCfg = Debug|Any CPU
		{2B299712-51FC-468F-A638-B86DC23B2D3D}.Debug|Any CPU.Build.0 = Debug|Any CPU
		{2B299712-51FC-468F-A638-B86DC23B2D3D}.Release|Any CPU.ActiveCfg = Release|Any CPU
		{2B299712-51FC-468F-A638-B86DC23B2D3D}.Release|Any CPU.Build.0 = Release|Any CPU
		{E5BFA52C-290D-486E-A5DA-D94765A9DE68}.Debug|Any CPU.ActiveCfg = Debug|Any CPU
		{E5BFA52C-290D-486E-A5DA-D94765A9DE68}.Debug|Any CPU.Build.0 = Debug|Any CPU
		{E5BFA52C-290D-486E-A5DA-D94765A9DE68}.Release|Any CPU.ActiveCfg = Release|Any CPU
		{E5BFA52C-290D-486E-A5DA-D94765A9DE68}.Release|Any CPU.Build.0 = Release|Any CPU
		{4096CB40-4993-48F9-95F0-62EDA929D57D}.Debug|Any CPU.ActiveCfg = Debug|Any CPU
		{4096CB40-4993-48F9-95F0-62EDA929D57D}.Debug|Any CPU.Build.0 = Debug|Any CPU
		{4096CB40-4993-48F9-95F0-62EDA929D57D}.Release|Any CPU.ActiveCfg = Release|Any CPU
		{4096CB40-4993-48F9-95F0-62EDA929D57D}.Release|Any CPU.Build.0 = Release|Any CPU
		{A9016647-E679-4B1C-BE2D-C99DE7F84690}.Debug|Any CPU.ActiveCfg = Debug|Any CPU
		{A9016647-E679-4B1C-BE2D-C99DE7F84690}.Debug|Any CPU.Build.0 = Debug|Any CPU
		{A9016647-E679-4B1C-BE2D-C99DE7F84690}.Release|Any CPU.ActiveCfg = Release|Any CPU
		{A9016647-E679-4B1C-BE2D-C99DE7F84690}.Release|Any CPU.Build.0 = Release|Any CPU
		{1AF2091C-59BA-4103-ACC7-5587295F6560}.Debug|Any CPU.ActiveCfg = Debug|Any CPU
		{1AF2091C-59BA-4103-ACC7-5587295F6560}.Debug|Any CPU.Build.0 = Debug|Any CPU
		{1AF2091C-59BA-4103-ACC7-5587295F6560}.Release|Any CPU.ActiveCfg = Release|Any CPU
		{1AF2091C-59BA-4103-ACC7-5587295F6560}.Release|Any CPU.Build.0 = Release|Any CPU
		{5CCCB4B1-4EE6-4F5A-A33E-47E8BB782BD0}.Debug|Any CPU.ActiveCfg = Debug|Any CPU
		{5CCCB4B1-4EE6-4F5A-A33E-47E8BB782BD0}.Debug|Any CPU.Build.0 = Debug|Any CPU
		{5CCCB4B1-4EE6-4F5A-A33E-47E8BB782BD0}.Release|Any CPU.ActiveCfg = Release|Any CPU
		{5CCCB4B1-4EE6-4F5A-A33E-47E8BB782BD0}.Release|Any CPU.Build.0 = Release|Any CPU
		{DB84DA6A-485C-49A1-A47B-0CACEE16C3EA}.Debug|Any CPU.ActiveCfg = Debug|Any CPU
		{DB84DA6A-485C-49A1-A47B-0CACEE16C3EA}.Debug|Any CPU.Build.0 = Debug|Any CPU
		{DB84DA6A-485C-49A1-A47B-0CACEE16C3EA}.Release|Any CPU.ActiveCfg = Release|Any CPU
		{DB84DA6A-485C-49A1-A47B-0CACEE16C3EA}.Release|Any CPU.Build.0 = Release|Any CPU
	EndGlobalSection
	GlobalSection(SolutionProperties) = preSolution
		HideSolutionNode = FALSE
	EndGlobalSection
	GlobalSection(ExtensibilityGlobals) = postSolution
		SolutionGuid = {F558F09F-4490-4ADD-87A5-C43F9952C493}
	EndGlobalSection
EndGlobal
