
Microsoft Visual Studio Solution File, Format Version 12.00
# Visual Studio Version 17
VisualStudioVersion = 17.9.34902.65
MinimumVisualStudioVersion = 10.0.40219.1
Project("{FAE04EC0-301F-11D3-BF4B-00C04F79EFBC}") = "Q_01", "Q_01\Q_01.csproj", "{F4B2D43D-9493-4B29-A8C6-56E58D112075}"
EndProject
Project("{FAE04EC0-301F-11D3-BF4B-00C04F79EFBC}") = "Q_02", "Q_02\Q_02.csproj", "{521A9884-B431-43D2-89F6-E393C020213F}"
EndProject
Project("{FAE04EC0-301F-11D3-BF4B-00C04F79EFBC}") = "Q_03", "Q_03\Q_03.csproj", "{43005AC3-DB09-4BC7-9231-B64C33D090ED}"
EndProject
Project("{FAE04EC0-301F-11D3-BF4B-00C04F79EFBC}") = "Q_04", "Q_04\Q_04.csproj", "{AC3DC401-8F0E-415F-A0C0-F81BB62C0F20}"
EndProject
Project("{FAE04EC0-301F-11D3-BF4B-00C04F79EFBC}") = "Q_05", "Q_05\Q_05.csproj", "{C4D1431A-55C1-4C95-A283-ECA892624EC2}"
EndProject
Project("{FAE04EC0-301F-11D3-BF4B-00C04F79EFBC}") = "Q_06", "Q_06\Q_06.csproj", "{B1E5AB1D-67F7-43AA-966A-3C6A8A7DB9A3}"
EndProject
Project("{FAE04EC0-301F-11D3-BF4B-00C04F79EFBC}") = "Q_07", "Q_07\Q_07.csproj", "{AB9D88D7-BF52-47E8-908E-0345375B7733}"
EndProject
Project("{FAE04EC0-301F-11D3-BF4B-00C04F79EFBC}") = "Q_08", "Q_08\Q_08.csproj", "{6218BAC3-4E20-49AF-B71E-8877CB1068C2}"
EndProject
Project("{FAE04EC0-301F-11D3-BF4B-00C04F79EFBC}") = "Q_09", "Q_09\Q_09.csproj", "{6F48C909-18DE-4B73-A5E8-1926D32FBA75}"
EndProject
Project("{FAE04EC0-301F-11D3-BF4B-00C04F79EFBC}") = "Q_10", "Q_10\Q_10.csproj", "{8D13399A-95BB-4892-A27B-86D1E0E52104}"
EndProject
Project("{FAE04EC0-301F-11D3-BF4B-00C04F79EFBC}") = "R_01", "R_01\R_01.csproj", "{9CD0C4E5-A03D-4B2D-89FE-7A69BC80491D}"
EndProject
Project("{FAE04EC0-301F-11D3-BF4B-00C04F79EFBC}") = "R_02", "R_02\R_02.csproj", "{3F3DE126-D1D3-4013-8666-4CFA273BDFE8}"
EndProject
Project("{FAE04EC0-301F-11D3-BF4B-00C04F79EFBC}") = "R_03", "R_03\R_03.csproj", "{431AB52A-D61A-4D81-9C2C-0E4C30FFA78D}"
EndProject
Global
	GlobalSection(SolutionConfigurationPlatforms) = preSolution
		Debug|Any CPU = Debug|Any CPU
		Release|Any CPU = Release|Any CPU
	EndGlobalSection
	GlobalSection(ProjectConfigurationPlatforms) = postSolution
		{F4B2D43D-9493-4B29-A8C6-56E58D112075}.Debug|Any CPU.ActiveCfg = Debug|Any CPU
		{F4B2D43D-9493-4B29-A8C6-56E58D112075}.Debug|Any CPU.Build.0 = Debug|Any CPU
		{F4B2D43D-9493-4B29-A8C6-56E58D112075}.Release|Any CPU.ActiveCfg = Release|Any CPU
		{F4B2D43D-9493-4B29-A8C6-56E58D112075}.Release|Any CPU.Build.0 = Release|Any CPU
		{521A9884-B431-43D2-89F6-E393C020213F}.Debug|Any CPU.ActiveCfg = Debug|Any CPU
		{521A9884-B431-43D2-89F6-E393C020213F}.Debug|Any CPU.Build.0 = Debug|Any CPU
		{521A9884-B431-43D2-89F6-E393C020213F}.Release|Any CPU.ActiveCfg = Release|Any CPU
		{521A9884-B431-43D2-89F6-E393C020213F}.Release|Any CPU.Build.0 = Release|Any CPU
		{43005AC3-DB09-4BC7-9231-B64C33D090ED}.Debug|Any CPU.ActiveCfg = Debug|Any CPU
		{43005AC3-DB09-4BC7-9231-B64C33D090ED}.Debug|Any CPU.Build.0 = Debug|Any CPU
		{43005AC3-DB09-4BC7-9231-B64C33D090ED}.Release|Any CPU.ActiveCfg = Release|Any CPU
		{43005AC3-DB09-4BC7-9231-B64C33D090ED}.Release|Any CPU.Build.0 = Release|Any CPU
		{AC3DC401-8F0E-415F-A0C0-F81BB62C0F20}.Debug|Any CPU.ActiveCfg = Debug|Any CPU
		{AC3DC401-8F0E-415F-A0C0-F81BB62C0F20}.Debug|Any CPU.Build.0 = Debug|Any CPU
		{AC3DC401-8F0E-415F-A0C0-F81BB62C0F20}.Release|Any CPU.ActiveCfg = Release|Any CPU
		{AC3DC401-8F0E-415F-A0C0-F81BB62C0F20}.Release|Any CPU.Build.0 = Release|Any CPU
		{C4D1431A-55C1-4C95-A283-ECA892624EC2}.Debug|Any CPU.ActiveCfg = Debug|Any CPU
		{C4D1431A-55C1-4C95-A283-ECA892624EC2}.Debug|Any CPU.Build.0 = Debug|Any CPU
		{C4D1431A-55C1-4C95-A283-ECA892624EC2}.Release|Any CPU.ActiveCfg = Release|Any CPU
		{C4D1431A-55C1-4C95-A283-ECA892624EC2}.Release|Any CPU.Build.0 = Release|Any CPU
		{B1E5AB1D-67F7-43AA-966A-3C6A8A7DB9A3}.Debug|Any CPU.ActiveCfg = Debug|Any CPU
		{B1E5AB1D-67F7-43AA-966A-3C6A8A7DB9A3}.Debug|Any CPU.Build.0 = Debug|Any CPU
		{B1E5AB1D-67F7-43AA-966A-3C6A8A7DB9A3}.Release|Any CPU.ActiveCfg = Release|Any CPU
		{B1E5AB1D-67F7-43AA-966A-3C6A8A7DB9A3}.Release|Any CPU.Build.0 = Release|Any CPU
		{AB9D88D7-BF52-47E8-908E-0345375B7733}.Debug|Any CPU.ActiveCfg = Debug|Any CPU
		{AB9D88D7-BF52-47E8-908E-0345375B7733}.Debug|Any CPU.Build.0 = Debug|Any CPU
		{AB9D88D7-BF52-47E8-908E-0345375B7733}.Release|Any CPU.ActiveCfg = Release|Any CPU
		{AB9D88D7-BF52-47E8-908E-0345375B7733}.Release|Any CPU.Build.0 = Release|Any CPU
		{6218BAC3-4E20-49AF-B71E-8877CB1068C2}.Debug|Any CPU.ActiveCfg = Debug|Any CPU
		{6218BAC3-4E20-49AF-B71E-8877CB1068C2}.Debug|Any CPU.Build.0 = Debug|Any CPU
		{6218BAC3-4E20-49AF-B71E-8877CB1068C2}.Release|Any CPU.ActiveCfg = Release|Any CPU
		{6218BAC3-4E20-49AF-B71E-8877CB1068C2}.Release|Any CPU.Build.0 = Release|Any CPU
		{6F48C909-18DE-4B73-A5E8-1926D32FBA75}.Debug|Any CPU.ActiveCfg = Debug|Any CPU
		{6F48C909-18DE-4B73-A5E8-1926D32FBA75}.Debug|Any CPU.Build.0 = Debug|Any CPU
		{6F48C909-18DE-4B73-A5E8-1926D32FBA75}.Release|Any CPU.ActiveCfg = Release|Any CPU
		{6F48C909-18DE-4B73-A5E8-1926D32FBA75}.Release|Any CPU.Build.0 = Release|Any CPU
		{8D13399A-95BB-4892-A27B-86D1E0E52104}.Debug|Any CPU.ActiveCfg = Debug|Any CPU
		{8D13399A-95BB-4892-A27B-86D1E0E52104}.Debug|Any CPU.Build.0 = Debug|Any CPU
		{8D13399A-95BB-4892-A27B-86D1E0E52104}.Release|Any CPU.ActiveCfg = Release|Any CPU
		{8D13399A-95BB-4892-A27B-86D1E0E52104}.Release|Any CPU.Build.0 = Release|Any CPU
		{9CD0C4E5-A03D-4B2D-89FE-7A69BC80491D}.Debug|Any CPU.ActiveCfg = Debug|Any CPU
		{9CD0C4E5-A03D-4B2D-89FE-7A69BC80491D}.Debug|Any CPU.Build.0 = Debug|Any CPU
		{9CD0C4E5-A03D-4B2D-89FE-7A69BC80491D}.Release|Any CPU.ActiveCfg = Release|Any CPU
		{9CD0C4E5-A03D-4B2D-89FE-7A69BC80491D}.Release|Any CPU.Build.0 = Release|Any CPU
		{3F3DE126-D1D3-4013-8666-4CFA273BDFE8}.Debug|Any CPU.ActiveCfg = Debug|Any CPU
		{3F3DE126-D1D3-4013-8666-4CFA273BDFE8}.Debug|Any CPU.Build.0 = Debug|Any CPU
		{3F3DE126-D1D3-4013-8666-4CFA273BDFE8}.Release|Any CPU.ActiveCfg = Release|Any CPU
		{3F3DE126-D1D3-4013-8666-4CFA273BDFE8}.Release|Any CPU.Build.0 = Release|Any CPU
		{431AB52A-D61A-4D81-9C2C-0E4C30FFA78D}.Debug|Any CPU.ActiveCfg = Debug|Any CPU
		{431AB52A-D61A-4D81-9C2C-0E4C30FFA78D}.Debug|Any CPU.Build.0 = Debug|Any CPU
		{431AB52A-D61A-4D81-9C2C-0E4C30FFA78D}.Release|Any CPU.ActiveCfg = Release|Any CPU
		{431AB52A-D61A-4D81-9C2C-0E4C30FFA78D}.Release|Any CPU.Build.0 = Release|Any CPU
	EndGlobalSection
	GlobalSection(SolutionProperties) = preSolution
		HideSolutionNode = FALSE
	EndGlobalSection
	GlobalSection(ExtensibilityGlobals) = postSolution
		SolutionGuid = {92071B74-3556-42F5-B91F-F82FEB1330C1}
	EndGlobalSection
EndGlobal
