
Microsoft Visual Studio Solution File, Format Version 12.00
# Visual Studio Version 17
VisualStudioVersion = 17.7.34031.279
MinimumVisualStudioVersion = 10.0.40219.1
Project("{FAE04EC0-301F-11D3-BF4B-00C04F79EFBC}") = "Q_01", "Q_01\Q_01.csproj", "{FCA6B761-B872-4CF5-BE71-86013E339C9F}"
EndProject
Project("{FAE04EC0-301F-11D3-BF4B-00C04F79EFBC}") = "Q_02", "Q_02\Q_02.csproj", "{4719BD99-5E07-451D-84CE-A37F00759BA3}"
EndProject
Project("{FAE04EC0-301F-11D3-BF4B-00C04F79EFBC}") = "Q_03", "Q_03\Q_03.csproj", "{B9979EB6-94C7-44EA-8256-A14EC826280A}"
EndProject
Project("{FAE04EC0-301F-11D3-BF4B-00C04F79EFBC}") = "Q_04", "Q_04\Q_04.csproj", "{F3BABD75-7679-424D-9F8D-9206EA369B78}"
EndProject
Project("{FAE04EC0-301F-11D3-BF4B-00C04F79EFBC}") = "Q_05", "Q_05\Q_05.csproj", "{5F581490-EBE5-4AEE-A15F-3F516A285642}"
EndProject
Project("{FAE04EC0-301F-11D3-BF4B-00C04F79EFBC}") = "Q_06", "Q_06\Q_06.csproj", "{8FC3DCC5-6966-4768-967E-F5AFB1252343}"
EndProject
Project("{FAE04EC0-301F-11D3-BF4B-00C04F79EFBC}") = "Q_07", "Q_07\Q_07.csproj", "{71C5D2B0-27B9-4DC9-B12D-C69098B6A771}"
EndProject
Project("{FAE04EC0-301F-11D3-BF4B-00C04F79EFBC}") = "Q_08", "Q_08\Q_08.csproj", "{F8505A27-BC01-462F-8229-9AB6E0A473AD}"
EndProject
Project("{FAE04EC0-301F-11D3-BF4B-00C04F79EFBC}") = "Q_09", "Q_09\Q_09.csproj", "{133EC709-A2F3-4CA3-B634-84B176D8CD0F}"
EndProject
Project("{FAE04EC0-301F-11D3-BF4B-00C04F79EFBC}") = "Q_10", "Q_10\Q_10.csproj", "{678B758D-E2A2-4424-B7F5-A98B32A26C59}"
EndProject
Project("{FAE04EC0-301F-11D3-BF4B-00C04F79EFBC}") = "Q_11", "Q_11\Q_11.csproj", "{AD404523-41D5-4AFC-B378-895C04455C98}"
EndProject
Project("{FAE04EC0-301F-11D3-BF4B-00C04F79EFBC}") = "Q_12", "Q_12\Q_12.csproj", "{704A5421-A592-4463-9354-0B9F1D748E21}"
EndProject
Project("{FAE04EC0-301F-11D3-BF4B-00C04F79EFBC}") = "Q_13", "Q_13\Q_13.csproj", "{E4886051-1CE6-43A3-B5D2-720F7E25D12D}"
EndProject
Global
	GlobalSection(SolutionConfigurationPlatforms) = preSolution
		Debug|Any CPU = Debug|Any CPU
		Release|Any CPU = Release|Any CPU
	EndGlobalSection
	GlobalSection(ProjectConfigurationPlatforms) = postSolution
		{FCA6B761-B872-4CF5-BE71-86013E339C9F}.Debug|Any CPU.ActiveCfg = Debug|Any CPU
		{FCA6B761-B872-4CF5-BE71-86013E339C9F}.Debug|Any CPU.Build.0 = Debug|Any CPU
		{FCA6B761-B872-4CF5-BE71-86013E339C9F}.Release|Any CPU.ActiveCfg = Release|Any CPU
		{FCA6B761-B872-4CF5-BE71-86013E339C9F}.Release|Any CPU.Build.0 = Release|Any CPU
		{4719BD99-5E07-451D-84CE-A37F00759BA3}.Debug|Any CPU.ActiveCfg = Debug|Any CPU
		{4719BD99-5E07-451D-84CE-A37F00759BA3}.Debug|Any CPU.Build.0 = Debug|Any CPU
		{4719BD99-5E07-451D-84CE-A37F00759BA3}.Release|Any CPU.ActiveCfg = Release|Any CPU
		{4719BD99-5E07-451D-84CE-A37F00759BA3}.Release|Any CPU.Build.0 = Release|Any CPU
		{B9979EB6-94C7-44EA-8256-A14EC826280A}.Debug|Any CPU.ActiveCfg = Debug|Any CPU
		{B9979EB6-94C7-44EA-8256-A14EC826280A}.Debug|Any CPU.Build.0 = Debug|Any CPU
		{B9979EB6-94C7-44EA-8256-A14EC826280A}.Release|Any CPU.ActiveCfg = Release|Any CPU
		{B9979EB6-94C7-44EA-8256-A14EC826280A}.Release|Any CPU.Build.0 = Release|Any CPU
		{F3BABD75-7679-424D-9F8D-9206EA369B78}.Debug|Any CPU.ActiveCfg = Debug|Any CPU
		{F3BABD75-7679-424D-9F8D-9206EA369B78}.Debug|Any CPU.Build.0 = Debug|Any CPU
		{F3BABD75-7679-424D-9F8D-9206EA369B78}.Release|Any CPU.ActiveCfg = Release|Any CPU
		{F3BABD75-7679-424D-9F8D-9206EA369B78}.Release|Any CPU.Build.0 = Release|Any CPU
		{5F581490-EBE5-4AEE-A15F-3F516A285642}.Debug|Any CPU.ActiveCfg = Debug|Any CPU
		{5F581490-EBE5-4AEE-A15F-3F516A285642}.Debug|Any CPU.Build.0 = Debug|Any CPU
		{5F581490-EBE5-4AEE-A15F-3F516A285642}.Release|Any CPU.ActiveCfg = Release|Any CPU
		{5F581490-EBE5-4AEE-A15F-3F516A285642}.Release|Any CPU.Build.0 = Release|Any CPU
		{8FC3DCC5-6966-4768-967E-F5AFB1252343}.Debug|Any CPU.ActiveCfg = Debug|Any CPU
		{8FC3DCC5-6966-4768-967E-F5AFB1252343}.Debug|Any CPU.Build.0 = Debug|Any CPU
		{8FC3DCC5-6966-4768-967E-F5AFB1252343}.Release|Any CPU.ActiveCfg = Release|Any CPU
		{8FC3DCC5-6966-4768-967E-F5AFB1252343}.Release|Any CPU.Build.0 = Release|Any CPU
		{71C5D2B0-27B9-4DC9-B12D-C69098B6A771}.Debug|Any CPU.ActiveCfg = Debug|Any CPU
		{71C5D2B0-27B9-4DC9-B12D-C69098B6A771}.Debug|Any CPU.Build.0 = Debug|Any CPU
		{71C5D2B0-27B9-4DC9-B12D-C69098B6A771}.Release|Any CPU.ActiveCfg = Release|Any CPU
		{71C5D2B0-27B9-4DC9-B12D-C69098B6A771}.Release|Any CPU.Build.0 = Release|Any CPU
		{F8505A27-BC01-462F-8229-9AB6E0A473AD}.Debug|Any CPU.ActiveCfg = Debug|Any CPU
		{F8505A27-BC01-462F-8229-9AB6E0A473AD}.Debug|Any CPU.Build.0 = Debug|Any CPU
		{F8505A27-BC01-462F-8229-9AB6E0A473AD}.Release|Any CPU.ActiveCfg = Release|Any CPU
		{F8505A27-BC01-462F-8229-9AB6E0A473AD}.Release|Any CPU.Build.0 = Release|Any CPU
		{133EC709-A2F3-4CA3-B634-84B176D8CD0F}.Debug|Any CPU.ActiveCfg = Debug|Any CPU
		{133EC709-A2F3-4CA3-B634-84B176D8CD0F}.Debug|Any CPU.Build.0 = Debug|Any CPU
		{133EC709-A2F3-4CA3-B634-84B176D8CD0F}.Release|Any CPU.ActiveCfg = Release|Any CPU
		{133EC709-A2F3-4CA3-B634-84B176D8CD0F}.Release|Any CPU.Build.0 = Release|Any CPU
		{678B758D-E2A2-4424-B7F5-A98B32A26C59}.Debug|Any CPU.ActiveCfg = Debug|Any CPU
		{678B758D-E2A2-4424-B7F5-A98B32A26C59}.Debug|Any CPU.Build.0 = Debug|Any CPU
		{678B758D-E2A2-4424-B7F5-A98B32A26C59}.Release|Any CPU.ActiveCfg = Release|Any CPU
		{678B758D-E2A2-4424-B7F5-A98B32A26C59}.Release|Any CPU.Build.0 = Release|Any CPU
		{AD404523-41D5-4AFC-B378-895C04455C98}.Debug|Any CPU.ActiveCfg = Debug|Any CPU
		{AD404523-41D5-4AFC-B378-895C04455C98}.Debug|Any CPU.Build.0 = Debug|Any CPU
		{AD404523-41D5-4AFC-B378-895C04455C98}.Release|Any CPU.ActiveCfg = Release|Any CPU
		{AD404523-41D5-4AFC-B378-895C04455C98}.Release|Any CPU.Build.0 = Release|Any CPU
		{704A5421-A592-4463-9354-0B9F1D748E21}.Debug|Any CPU.ActiveCfg = Debug|Any CPU
		{704A5421-A592-4463-9354-0B9F1D748E21}.Debug|Any CPU.Build.0 = Debug|Any CPU
		{704A5421-A592-4463-9354-0B9F1D748E21}.Release|Any CPU.ActiveCfg = Release|Any CPU
		{704A5421-A592-4463-9354-0B9F1D748E21}.Release|Any CPU.Build.0 = Release|Any CPU
		{E4886051-1CE6-43A3-B5D2-720F7E25D12D}.Debug|Any CPU.ActiveCfg = Debug|Any CPU
		{E4886051-1CE6-43A3-B5D2-720F7E25D12D}.Debug|Any CPU.Build.0 = Debug|Any CPU
		{E4886051-1CE6-43A3-B5D2-720F7E25D12D}.Release|Any CPU.ActiveCfg = Release|Any CPU
		{E4886051-1CE6-43A3-B5D2-720F7E25D12D}.Release|Any CPU.Build.0 = Release|Any CPU
	EndGlobalSection
	GlobalSection(SolutionProperties) = preSolution
		HideSolutionNode = FALSE
	EndGlobalSection
	GlobalSection(ExtensibilityGlobals) = postSolution
		SolutionGuid = {8A973650-BBD6-497A-A4EB-7F96BA69A1FF}
	EndGlobalSection
EndGlobal
