
Microsoft Visual Studio Solution File, Format Version 12.00
# Visual Studio Version 17
VisualStudioVersion = 17.7.34031.279
MinimumVisualStudioVersion = 10.0.40219.1
Project("{FAE04EC0-301F-11D3-BF4B-00C04F79EFBC}") = "Q_01", "Q_01\Q_01.csproj", "{09E5D3F4-C161-4151-90C9-1CE1636A230D}"
EndProject
Project("{FAE04EC0-301F-11D3-BF4B-00C04F79EFBC}") = "Q_02", "Q_02\Q_02.csproj", "{AB40BA90-4016-46DF-91F5-DDDF30AB00AB}"
EndProject
Project("{FAE04EC0-301F-11D3-BF4B-00C04F79EFBC}") = "Q_03", "Q_03\Q_03.csproj", "{E7FBDDE3-21AC-4170-AF41-E509C63F7A20}"
EndProject
Project("{FAE04EC0-301F-11D3-BF4B-00C04F79EFBC}") = "Q_04", "Q_04\Q_04.csproj", "{C240BEB8-D76D-4DD0-A44A-1974D8BBE876}"
EndProject
Project("{FAE04EC0-301F-11D3-BF4B-00C04F79EFBC}") = "Q_05", "Q_05\Q_05.csproj", "{FA46D146-3606-45DD-8129-E91D698F603F}"
EndProject
Project("{FAE04EC0-301F-11D3-BF4B-00C04F79EFBC}") = "Q_06", "Q_06\Q_06.csproj", "{5DECA631-2393-4947-A94B-00801F4BF97E}"
EndProject
Project("{FAE04EC0-301F-11D3-BF4B-00C04F79EFBC}") = "Q_07", "Q_07\Q_07.csproj", "{303A9177-E9CF-4928-8309-273B3D523AC3}"
EndProject
Project("{FAE04EC0-301F-11D3-BF4B-00C04F79EFBC}") = "Q_08", "Q_08\Q_08.csproj", "{522E1558-403F-4EAC-9526-9197CA1F02E2}"
EndProject
Project("{FAE04EC0-301F-11D3-BF4B-00C04F79EFBC}") = "Q_09", "Q_09\Q_09.csproj", "{87992B7D-2CC2-4676-B5C4-F306FA96F4F9}"
EndProject
Project("{FAE04EC0-301F-11D3-BF4B-00C04F79EFBC}") = "Q_10", "Q_10\Q_10.csproj", "{A90CD6FE-E059-4EBB-860B-C3C3C69B7857}"
EndProject
Project("{FAE04EC0-301F-11D3-BF4B-00C04F79EFBC}") = "Q_11", "Q_11\Q_11.csproj", "{F95E6603-E5A8-4D66-BAB3-99E2F6B7F57E}"
EndProject
Project("{FAE04EC0-301F-11D3-BF4B-00C04F79EFBC}") = "Q_12", "Q_12\Q_12.csproj", "{7F2466C4-0C77-44B2-A080-52A0501BE69D}"
EndProject
Project("{FAE04EC0-301F-11D3-BF4B-00C04F79EFBC}") = "Q_13", "Q_13\Q_13.csproj", "{534B5B04-D2EF-4A2A-B8E8-3CBE29461A99}"
EndProject
Project("{FAE04EC0-301F-11D3-BF4B-00C04F79EFBC}") = "Q_14", "Q_14\Q_14.csproj", "{D409203A-B21E-4757-9EAF-05EDA3D5525E}"
EndProject
Project("{FAE04EC0-301F-11D3-BF4B-00C04F79EFBC}") = "Q_15", "Q_15\Q_15.csproj", "{FD2B312C-5462-47BA-8F0D-FDFE2FB0421A}"
EndProject
Project("{FAE04EC0-301F-11D3-BF4B-00C04F79EFBC}") = "Q_16", "Q_16\Q_16.csproj", "{8AB8806C-8109-47D2-A9D2-46EB50E2C647}"
EndProject
Project("{FAE04EC0-301F-11D3-BF4B-00C04F79EFBC}") = "Q_17", "Q_17\Q_17.csproj", "{8B384E3C-DD3B-4C26-A905-E0BA92F1953A}"
EndProject
Project("{FAE04EC0-301F-11D3-BF4B-00C04F79EFBC}") = "Q_18", "Q_18\Q_18.csproj", "{3857DCFF-617E-4D59-9544-07C0754AB3E0}"
EndProject
Project("{FAE04EC0-301F-11D3-BF4B-00C04F79EFBC}") = "Q_19", "Q_19\Q_19.csproj", "{57A23DC3-AA40-4F2E-A522-9B1925C2C8E4}"
EndProject
Project("{FAE04EC0-301F-11D3-BF4B-00C04F79EFBC}") = "Q_20", "Q_20\Q_20.csproj", "{07093F93-C9F4-4037-BA18-30DAE5CF8DC9}"
EndProject
Project("{FAE04EC0-301F-11D3-BF4B-00C04F79EFBC}") = "Q_21", "Q_21\Q_21.csproj", "{9F80B51A-6800-4F3B-B7C9-5E7F96D79BA4}"
EndProject
Project("{FAE04EC0-301F-11D3-BF4B-00C04F79EFBC}") = "Q_22", "Q_22\Q_22.csproj", "{B3EBCC4B-4A8E-420B-A762-06BC7B7D6ADD}"
EndProject
Project("{FAE04EC0-301F-11D3-BF4B-00C04F79EFBC}") = "Q_23", "Q_23\Q_23.csproj", "{4648A8EB-B213-45C5-853F-C99E62A0DF6E}"
EndProject
Project("{FAE04EC0-301F-11D3-BF4B-00C04F79EFBC}") = "Q_24", "Q_24\Q_24.csproj", "{B6B9B559-F9BA-4A9B-88F3-F620C566FE50}"
EndProject
Project("{FAE04EC0-301F-11D3-BF4B-00C04F79EFBC}") = "Q_25", "Q_25\Q_25.csproj", "{43167981-5A1C-42A2-8EB6-D119A8F29709}"
EndProject
Project("{FAE04EC0-301F-11D3-BF4B-00C04F79EFBC}") = "Q_26", "Q_26\Q_26.csproj", "{776F8590-F7B9-42EF-8C7D-5E19213ED687}"
EndProject
Project("{FAE04EC0-301F-11D3-BF4B-00C04F79EFBC}") = "Q_27", "Q_27\Q_27.csproj", "{376B7B22-6C94-4A7E-93B2-99AB42374025}"
EndProject
Project("{FAE04EC0-301F-11D3-BF4B-00C04F79EFBC}") = "Q_28", "Q_28\Q_28.csproj", "{F3695B1E-3088-4A75-8C32-9E6F27515917}"
EndProject
Project("{FAE04EC0-301F-11D3-BF4B-00C04F79EFBC}") = "Q_29", "Q_29\Q_29.csproj", "{2CA2AFEA-1941-482C-946F-A207504B32B0}"
EndProject
Project("{FAE04EC0-301F-11D3-BF4B-00C04F79EFBC}") = "Q_30", "Q_30\Q_30.csproj", "{B3CA0469-90F1-4DA2-A79B-E0F7F352C04D}"
EndProject
Project("{FAE04EC0-301F-11D3-BF4B-00C04F79EFBC}") = "Q_31", "Q_31\Q_31.csproj", "{AC1C911B-BE76-43E8-B4AD-D40F95E8E8A9}"
EndProject
Project("{FAE04EC0-301F-11D3-BF4B-00C04F79EFBC}") = "Q_32", "Q_32\Q_32.csproj", "{922F788E-A1B3-4F8D-9993-5EE7AE059432}"
EndProject
Project("{FAE04EC0-301F-11D3-BF4B-00C04F79EFBC}") = "Q_33", "Q_33\Q_33.csproj", "{D3BACAFD-8620-4F17-AF47-B3551C26F8D7}"
EndProject
Project("{FAE04EC0-301F-11D3-BF4B-00C04F79EFBC}") = "Q_34", "Q_34\Q_34.csproj", "{3F21E416-B9B1-49BE-B1E1-A2128F98ED86}"
EndProject
Project("{FAE04EC0-301F-11D3-BF4B-00C04F79EFBC}") = "Q_35", "Q_35\Q_35.csproj", "{0E703651-5FDB-47CA-9BCE-FAE3CA320F0D}"
EndProject
Project("{FAE04EC0-301F-11D3-BF4B-00C04F79EFBC}") = "Q_36", "Q_36\Q_36.csproj", "{53A867D1-D073-4DA3-AA44-653C49E27950}"
EndProject
Project("{FAE04EC0-301F-11D3-BF4B-00C04F79EFBC}") = "Q_37", "Q_37\Q_37.csproj", "{0813547B-D180-46D7-85E4-E24E6DD93041}"
EndProject
Project("{FAE04EC0-301F-11D3-BF4B-00C04F79EFBC}") = "Q_38", "Q_38\Q_38.csproj", "{B2DE3AE6-871E-4FBC-BBF9-DCF42731390A}"
EndProject
Project("{FAE04EC0-301F-11D3-BF4B-00C04F79EFBC}") = "Q_39", "Q_39\Q_39.csproj", "{5FAB74BD-5843-4E64-A287-49DE8EF47CFC}"
EndProject
Project("{FAE04EC0-301F-11D3-BF4B-00C04F79EFBC}") = "Q_40", "Q_40\Q_40.csproj", "{4CE05A0E-181D-4561-8A30-6D9952BE2A7F}"
EndProject
Project("{FAE04EC0-301F-11D3-BF4B-00C04F79EFBC}") = "Q_41", "Q_41\Q_41.csproj", "{C86988CD-B5C6-48CE-90DF-5C82F4E45758}"
EndProject
Global
	GlobalSection(SolutionConfigurationPlatforms) = preSolution
		Debug|Any CPU = Debug|Any CPU
		Release|Any CPU = Release|Any CPU
	EndGlobalSection
	GlobalSection(ProjectConfigurationPlatforms) = postSolution
		{09E5D3F4-C161-4151-90C9-1CE1636A230D}.Debug|Any CPU.ActiveCfg = Debug|Any CPU
		{09E5D3F4-C161-4151-90C9-1CE1636A230D}.Debug|Any CPU.Build.0 = Debug|Any CPU
		{09E5D3F4-C161-4151-90C9-1CE1636A230D}.Release|Any CPU.ActiveCfg = Release|Any CPU
		{09E5D3F4-C161-4151-90C9-1CE1636A230D}.Release|Any CPU.Build.0 = Release|Any CPU
		{AB40BA90-4016-46DF-91F5-DDDF30AB00AB}.Debug|Any CPU.ActiveCfg = Debug|Any CPU
		{AB40BA90-4016-46DF-91F5-DDDF30AB00AB}.Debug|Any CPU.Build.0 = Debug|Any CPU
		{AB40BA90-4016-46DF-91F5-DDDF30AB00AB}.Release|Any CPU.ActiveCfg = Release|Any CPU
		{AB40BA90-4016-46DF-91F5-DDDF30AB00AB}.Release|Any CPU.Build.0 = Release|Any CPU
		{E7FBDDE3-21AC-4170-AF41-E509C63F7A20}.Debug|Any CPU.ActiveCfg = Debug|Any CPU
		{E7FBDDE3-21AC-4170-AF41-E509C63F7A20}.Debug|Any CPU.Build.0 = Debug|Any CPU
		{E7FBDDE3-21AC-4170-AF41-E509C63F7A20}.Release|Any CPU.ActiveCfg = Release|Any CPU
		{E7FBDDE3-21AC-4170-AF41-E509C63F7A20}.Release|Any CPU.Build.0 = Release|Any CPU
		{C240BEB8-D76D-4DD0-A44A-1974D8BBE876}.Debug|Any CPU.ActiveCfg = Debug|Any CPU
		{C240BEB8-D76D-4DD0-A44A-1974D8BBE876}.Debug|Any CPU.Build.0 = Debug|Any CPU
		{C240BEB8-D76D-4DD0-A44A-1974D8BBE876}.Release|Any CPU.ActiveCfg = Release|Any CPU
		{C240BEB8-D76D-4DD0-A44A-1974D8BBE876}.Release|Any CPU.Build.0 = Release|Any CPU
		{FA46D146-3606-45DD-8129-E91D698F603F}.Debug|Any CPU.ActiveCfg = Debug|Any CPU
		{FA46D146-3606-45DD-8129-E91D698F603F}.Debug|Any CPU.Build.0 = Debug|Any CPU
		{FA46D146-3606-45DD-8129-E91D698F603F}.Release|Any CPU.ActiveCfg = Release|Any CPU
		{FA46D146-3606-45DD-8129-E91D698F603F}.Release|Any CPU.Build.0 = Release|Any CPU
		{5DECA631-2393-4947-A94B-00801F4BF97E}.Debug|Any CPU.ActiveCfg = Debug|Any CPU
		{5DECA631-2393-4947-A94B-00801F4BF97E}.Debug|Any CPU.Build.0 = Debug|Any CPU
		{5DECA631-2393-4947-A94B-00801F4BF97E}.Release|Any CPU.ActiveCfg = Release|Any CPU
		{5DECA631-2393-4947-A94B-00801F4BF97E}.Release|Any CPU.Build.0 = Release|Any CPU
		{303A9177-E9CF-4928-8309-273B3D523AC3}.Debug|Any CPU.ActiveCfg = Debug|Any CPU
		{303A9177-E9CF-4928-8309-273B3D523AC3}.Debug|Any CPU.Build.0 = Debug|Any CPU
		{303A9177-E9CF-4928-8309-273B3D523AC3}.Release|Any CPU.ActiveCfg = Release|Any CPU
		{303A9177-E9CF-4928-8309-273B3D523AC3}.Release|Any CPU.Build.0 = Release|Any CPU
		{522E1558-403F-4EAC-9526-9197CA1F02E2}.Debug|Any CPU.ActiveCfg = Debug|Any CPU
		{522E1558-403F-4EAC-9526-9197CA1F02E2}.Debug|Any CPU.Build.0 = Debug|Any CPU
		{522E1558-403F-4EAC-9526-9197CA1F02E2}.Release|Any CPU.ActiveCfg = Release|Any CPU
		{522E1558-403F-4EAC-9526-9197CA1F02E2}.Release|Any CPU.Build.0 = Release|Any CPU
		{87992B7D-2CC2-4676-B5C4-F306FA96F4F9}.Debug|Any CPU.ActiveCfg = Debug|Any CPU
		{87992B7D-2CC2-4676-B5C4-F306FA96F4F9}.Debug|Any CPU.Build.0 = Debug|Any CPU
		{87992B7D-2CC2-4676-B5C4-F306FA96F4F9}.Release|Any CPU.ActiveCfg = Release|Any CPU
		{87992B7D-2CC2-4676-B5C4-F306FA96F4F9}.Release|Any CPU.Build.0 = Release|Any CPU
		{A90CD6FE-E059-4EBB-860B-C3C3C69B7857}.Debug|Any CPU.ActiveCfg = Debug|Any CPU
		{A90CD6FE-E059-4EBB-860B-C3C3C69B7857}.Debug|Any CPU.Build.0 = Debug|Any CPU
		{A90CD6FE-E059-4EBB-860B-C3C3C69B7857}.Release|Any CPU.ActiveCfg = Release|Any CPU
		{A90CD6FE-E059-4EBB-860B-C3C3C69B7857}.Release|Any CPU.Build.0 = Release|Any CPU
		{F95E6603-E5A8-4D66-BAB3-99E2F6B7F57E}.Debug|Any CPU.ActiveCfg = Debug|Any CPU
		{F95E6603-E5A8-4D66-BAB3-99E2F6B7F57E}.Debug|Any CPU.Build.0 = Debug|Any CPU
		{F95E6603-E5A8-4D66-BAB3-99E2F6B7F57E}.Release|Any CPU.ActiveCfg = Release|Any CPU
		{F95E6603-E5A8-4D66-BAB3-99E2F6B7F57E}.Release|Any CPU.Build.0 = Release|Any CPU
		{7F2466C4-0C77-44B2-A080-52A0501BE69D}.Debug|Any CPU.ActiveCfg = Debug|Any CPU
		{7F2466C4-0C77-44B2-A080-52A0501BE69D}.Debug|Any CPU.Build.0 = Debug|Any CPU
		{7F2466C4-0C77-44B2-A080-52A0501BE69D}.Release|Any CPU.ActiveCfg = Release|Any CPU
		{7F2466C4-0C77-44B2-A080-52A0501BE69D}.Release|Any CPU.Build.0 = Release|Any CPU
		{534B5B04-D2EF-4A2A-B8E8-3CBE29461A99}.Debug|Any CPU.ActiveCfg = Debug|Any CPU
		{534B5B04-D2EF-4A2A-B8E8-3CBE29461A99}.Debug|Any CPU.Build.0 = Debug|Any CPU
		{534B5B04-D2EF-4A2A-B8E8-3CBE29461A99}.Release|Any CPU.ActiveCfg = Release|Any CPU
		{534B5B04-D2EF-4A2A-B8E8-3CBE29461A99}.Release|Any CPU.Build.0 = Release|Any CPU
		{D409203A-B21E-4757-9EAF-05EDA3D5525E}.Debug|Any CPU.ActiveCfg = Debug|Any CPU
		{D409203A-B21E-4757-9EAF-05EDA3D5525E}.Debug|Any CPU.Build.0 = Debug|Any CPU
		{D409203A-B21E-4757-9EAF-05EDA3D5525E}.Release|Any CPU.ActiveCfg = Release|Any CPU
		{D409203A-B21E-4757-9EAF-05EDA3D5525E}.Release|Any CPU.Build.0 = Release|Any CPU
		{FD2B312C-5462-47BA-8F0D-FDFE2FB0421A}.Debug|Any CPU.ActiveCfg = Debug|Any CPU
		{FD2B312C-5462-47BA-8F0D-FDFE2FB0421A}.Debug|Any CPU.Build.0 = Debug|Any CPU
		{FD2B312C-5462-47BA-8F0D-FDFE2FB0421A}.Release|Any CPU.ActiveCfg = Release|Any CPU
		{FD2B312C-5462-47BA-8F0D-FDFE2FB0421A}.Release|Any CPU.Build.0 = Release|Any CPU
		{8AB8806C-8109-47D2-A9D2-46EB50E2C647}.Debug|Any CPU.ActiveCfg = Debug|Any CPU
		{8AB8806C-8109-47D2-A9D2-46EB50E2C647}.Debug|Any CPU.Build.0 = Debug|Any CPU
		{8AB8806C-8109-47D2-A9D2-46EB50E2C647}.Release|Any CPU.ActiveCfg = Release|Any CPU
		{8AB8806C-8109-47D2-A9D2-46EB50E2C647}.Release|Any CPU.Build.0 = Release|Any CPU
		{8B384E3C-DD3B-4C26-A905-E0BA92F1953A}.Debug|Any CPU.ActiveCfg = Debug|Any CPU
		{8B384E3C-DD3B-4C26-A905-E0BA92F1953A}.Debug|Any CPU.Build.0 = Debug|Any CPU
		{8B384E3C-DD3B-4C26-A905-E0BA92F1953A}.Release|Any CPU.ActiveCfg = Release|Any CPU
		{8B384E3C-DD3B-4C26-A905-E0BA92F1953A}.Release|Any CPU.Build.0 = Release|Any CPU
		{3857DCFF-617E-4D59-9544-07C0754AB3E0}.Debug|Any CPU.ActiveCfg = Debug|Any CPU
		{3857DCFF-617E-4D59-9544-07C0754AB3E0}.Debug|Any CPU.Build.0 = Debug|Any CPU
		{3857DCFF-617E-4D59-9544-07C0754AB3E0}.Release|Any CPU.ActiveCfg = Release|Any CPU
		{3857DCFF-617E-4D59-9544-07C0754AB3E0}.Release|Any CPU.Build.0 = Release|Any CPU
		{57A23DC3-AA40-4F2E-A522-9B1925C2C8E4}.Debug|Any CPU.ActiveCfg = Debug|Any CPU
		{57A23DC3-AA40-4F2E-A522-9B1925C2C8E4}.Debug|Any CPU.Build.0 = Debug|Any CPU
		{57A23DC3-AA40-4F2E-A522-9B1925C2C8E4}.Release|Any CPU.ActiveCfg = Release|Any CPU
		{57A23DC3-AA40-4F2E-A522-9B1925C2C8E4}.Release|Any CPU.Build.0 = Release|Any CPU
		{07093F93-C9F4-4037-BA18-30DAE5CF8DC9}.Debug|Any CPU.ActiveCfg = Debug|Any CPU
		{07093F93-C9F4-4037-BA18-30DAE5CF8DC9}.Debug|Any CPU.Build.0 = Debug|Any CPU
		{07093F93-C9F4-4037-BA18-30DAE5CF8DC9}.Release|Any CPU.ActiveCfg = Release|Any CPU
		{07093F93-C9F4-4037-BA18-30DAE5CF8DC9}.Release|Any CPU.Build.0 = Release|Any CPU
		{9F80B51A-6800-4F3B-B7C9-5E7F96D79BA4}.Debug|Any CPU.ActiveCfg = Debug|Any CPU
		{9F80B51A-6800-4F3B-B7C9-5E7F96D79BA4}.Debug|Any CPU.Build.0 = Debug|Any CPU
		{9F80B51A-6800-4F3B-B7C9-5E7F96D79BA4}.Release|Any CPU.ActiveCfg = Release|Any CPU
		{9F80B51A-6800-4F3B-B7C9-5E7F96D79BA4}.Release|Any CPU.Build.0 = Release|Any CPU
		{B3EBCC4B-4A8E-420B-A762-06BC7B7D6ADD}.Debug|Any CPU.ActiveCfg = Debug|Any CPU
		{B3EBCC4B-4A8E-420B-A762-06BC7B7D6ADD}.Debug|Any CPU.Build.0 = Debug|Any CPU
		{B3EBCC4B-4A8E-420B-A762-06BC7B7D6ADD}.Release|Any CPU.ActiveCfg = Release|Any CPU
		{B3EBCC4B-4A8E-420B-A762-06BC7B7D6ADD}.Release|Any CPU.Build.0 = Release|Any CPU
		{4648A8EB-B213-45C5-853F-C99E62A0DF6E}.Debug|Any CPU.ActiveCfg = Debug|Any CPU
		{4648A8EB-B213-45C5-853F-C99E62A0DF6E}.Debug|Any CPU.Build.0 = Debug|Any CPU
		{4648A8EB-B213-45C5-853F-C99E62A0DF6E}.Release|Any CPU.ActiveCfg = Release|Any CPU
		{4648A8EB-B213-45C5-853F-C99E62A0DF6E}.Release|Any CPU.Build.0 = Release|Any CPU
		{B6B9B559-F9BA-4A9B-88F3-F620C566FE50}.Debug|Any CPU.ActiveCfg = Debug|Any CPU
		{B6B9B559-F9BA-4A9B-88F3-F620C566FE50}.Debug|Any CPU.Build.0 = Debug|Any CPU
		{B6B9B559-F9BA-4A9B-88F3-F620C566FE50}.Release|Any CPU.ActiveCfg = Release|Any CPU
		{B6B9B559-F9BA-4A9B-88F3-F620C566FE50}.Release|Any CPU.Build.0 = Release|Any CPU
		{43167981-5A1C-42A2-8EB6-D119A8F29709}.Debug|Any CPU.ActiveCfg = Debug|Any CPU
		{43167981-5A1C-42A2-8EB6-D119A8F29709}.Debug|Any CPU.Build.0 = Debug|Any CPU
		{43167981-5A1C-42A2-8EB6-D119A8F29709}.Release|Any CPU.ActiveCfg = Release|Any CPU
		{43167981-5A1C-42A2-8EB6-D119A8F29709}.Release|Any CPU.Build.0 = Release|Any CPU
		{776F8590-F7B9-42EF-8C7D-5E19213ED687}.Debug|Any CPU.ActiveCfg = Debug|Any CPU
		{776F8590-F7B9-42EF-8C7D-5E19213ED687}.Debug|Any CPU.Build.0 = Debug|Any CPU
		{776F8590-F7B9-42EF-8C7D-5E19213ED687}.Release|Any CPU.ActiveCfg = Release|Any CPU
		{776F8590-F7B9-42EF-8C7D-5E19213ED687}.Release|Any CPU.Build.0 = Release|Any CPU
		{376B7B22-6C94-4A7E-93B2-99AB42374025}.Debug|Any CPU.ActiveCfg = Debug|Any CPU
		{376B7B22-6C94-4A7E-93B2-99AB42374025}.Debug|Any CPU.Build.0 = Debug|Any CPU
		{376B7B22-6C94-4A7E-93B2-99AB42374025}.Release|Any CPU.ActiveCfg = Release|Any CPU
		{376B7B22-6C94-4A7E-93B2-99AB42374025}.Release|Any CPU.Build.0 = Release|Any CPU
		{F3695B1E-3088-4A75-8C32-9E6F27515917}.Debug|Any CPU.ActiveCfg = Debug|Any CPU
		{F3695B1E-3088-4A75-8C32-9E6F27515917}.Debug|Any CPU.Build.0 = Debug|Any CPU
		{F3695B1E-3088-4A75-8C32-9E6F27515917}.Release|Any CPU.ActiveCfg = Release|Any CPU
		{F3695B1E-3088-4A75-8C32-9E6F27515917}.Release|Any CPU.Build.0 = Release|Any CPU
		{2CA2AFEA-1941-482C-946F-A207504B32B0}.Debug|Any CPU.ActiveCfg = Debug|Any CPU
		{2CA2AFEA-1941-482C-946F-A207504B32B0}.Debug|Any CPU.Build.0 = Debug|Any CPU
		{2CA2AFEA-1941-482C-946F-A207504B32B0}.Release|Any CPU.ActiveCfg = Release|Any CPU
		{2CA2AFEA-1941-482C-946F-A207504B32B0}.Release|Any CPU.Build.0 = Release|Any CPU
		{B3CA0469-90F1-4DA2-A79B-E0F7F352C04D}.Debug|Any CPU.ActiveCfg = Debug|Any CPU
		{B3CA0469-90F1-4DA2-A79B-E0F7F352C04D}.Debug|Any CPU.Build.0 = Debug|Any CPU
		{B3CA0469-90F1-4DA2-A79B-E0F7F352C04D}.Release|Any CPU.ActiveCfg = Release|Any CPU
		{B3CA0469-90F1-4DA2-A79B-E0F7F352C04D}.Release|Any CPU.Build.0 = Release|Any CPU
		{AC1C911B-BE76-43E8-B4AD-D40F95E8E8A9}.Debug|Any CPU.ActiveCfg = Debug|Any CPU
		{AC1C911B-BE76-43E8-B4AD-D40F95E8E8A9}.Debug|Any CPU.Build.0 = Debug|Any CPU
		{AC1C911B-BE76-43E8-B4AD-D40F95E8E8A9}.Release|Any CPU.ActiveCfg = Release|Any CPU
		{AC1C911B-BE76-43E8-B4AD-D40F95E8E8A9}.Release|Any CPU.Build.0 = Release|Any CPU
		{922F788E-A1B3-4F8D-9993-5EE7AE059432}.Debug|Any CPU.ActiveCfg = Debug|Any CPU
		{922F788E-A1B3-4F8D-9993-5EE7AE059432}.Debug|Any CPU.Build.0 = Debug|Any CPU
		{922F788E-A1B3-4F8D-9993-5EE7AE059432}.Release|Any CPU.ActiveCfg = Release|Any CPU
		{922F788E-A1B3-4F8D-9993-5EE7AE059432}.Release|Any CPU.Build.0 = Release|Any CPU
		{D3BACAFD-8620-4F17-AF47-B3551C26F8D7}.Debug|Any CPU.ActiveCfg = Debug|Any CPU
		{D3BACAFD-8620-4F17-AF47-B3551C26F8D7}.Debug|Any CPU.Build.0 = Debug|Any CPU
		{D3BACAFD-8620-4F17-AF47-B3551C26F8D7}.Release|Any CPU.ActiveCfg = Release|Any CPU
		{D3BACAFD-8620-4F17-AF47-B3551C26F8D7}.Release|Any CPU.Build.0 = Release|Any CPU
		{3F21E416-B9B1-49BE-B1E1-A2128F98ED86}.Debug|Any CPU.ActiveCfg = Debug|Any CPU
		{3F21E416-B9B1-49BE-B1E1-A2128F98ED86}.Debug|Any CPU.Build.0 = Debug|Any CPU
		{3F21E416-B9B1-49BE-B1E1-A2128F98ED86}.Release|Any CPU.ActiveCfg = Release|Any CPU
		{3F21E416-B9B1-49BE-B1E1-A2128F98ED86}.Release|Any CPU.Build.0 = Release|Any CPU
		{0E703651-5FDB-47CA-9BCE-FAE3CA320F0D}.Debug|Any CPU.ActiveCfg = Debug|Any CPU
		{0E703651-5FDB-47CA-9BCE-FAE3CA320F0D}.Debug|Any CPU.Build.0 = Debug|Any CPU
		{0E703651-5FDB-47CA-9BCE-FAE3CA320F0D}.Release|Any CPU.ActiveCfg = Release|Any CPU
		{0E703651-5FDB-47CA-9BCE-FAE3CA320F0D}.Release|Any CPU.Build.0 = Release|Any CPU
		{53A867D1-D073-4DA3-AA44-653C49E27950}.Debug|Any CPU.ActiveCfg = Debug|Any CPU
		{53A867D1-D073-4DA3-AA44-653C49E27950}.Debug|Any CPU.Build.0 = Debug|Any CPU
		{53A867D1-D073-4DA3-AA44-653C49E27950}.Release|Any CPU.ActiveCfg = Release|Any CPU
		{53A867D1-D073-4DA3-AA44-653C49E27950}.Release|Any CPU.Build.0 = Release|Any CPU
		{0813547B-D180-46D7-85E4-E24E6DD93041}.Debug|Any CPU.ActiveCfg = Debug|Any CPU
		{0813547B-D180-46D7-85E4-E24E6DD93041}.Debug|Any CPU.Build.0 = Debug|Any CPU
		{0813547B-D180-46D7-85E4-E24E6DD93041}.Release|Any CPU.ActiveCfg = Release|Any CPU
		{0813547B-D180-46D7-85E4-E24E6DD93041}.Release|Any CPU.Build.0 = Release|Any CPU
		{B2DE3AE6-871E-4FBC-BBF9-DCF42731390A}.Debug|Any CPU.ActiveCfg = Debug|Any CPU
		{B2DE3AE6-871E-4FBC-BBF9-DCF42731390A}.Debug|Any CPU.Build.0 = Debug|Any CPU
		{B2DE3AE6-871E-4FBC-BBF9-DCF42731390A}.Release|Any CPU.ActiveCfg = Release|Any CPU
		{B2DE3AE6-871E-4FBC-BBF9-DCF42731390A}.Release|Any CPU.Build.0 = Release|Any CPU
		{5FAB74BD-5843-4E64-A287-49DE8EF47CFC}.Debug|Any CPU.ActiveCfg = Debug|Any CPU
		{5FAB74BD-5843-4E64-A287-49DE8EF47CFC}.Debug|Any CPU.Build.0 = Debug|Any CPU
		{5FAB74BD-5843-4E64-A287-49DE8EF47CFC}.Release|Any CPU.ActiveCfg = Release|Any CPU
		{5FAB74BD-5843-4E64-A287-49DE8EF47CFC}.Release|Any CPU.Build.0 = Release|Any CPU
		{4CE05A0E-181D-4561-8A30-6D9952BE2A7F}.Debug|Any CPU.ActiveCfg = Debug|Any CPU
		{4CE05A0E-181D-4561-8A30-6D9952BE2A7F}.Debug|Any CPU.Build.0 = Debug|Any CPU
		{4CE05A0E-181D-4561-8A30-6D9952BE2A7F}.Release|Any CPU.ActiveCfg = Release|Any CPU
		{4CE05A0E-181D-4561-8A30-6D9952BE2A7F}.Release|Any CPU.Build.0 = Release|Any CPU
		{C86988CD-B5C6-48CE-90DF-5C82F4E45758}.Debug|Any CPU.ActiveCfg = Debug|Any CPU
		{C86988CD-B5C6-48CE-90DF-5C82F4E45758}.Debug|Any CPU.Build.0 = Debug|Any CPU
		{C86988CD-B5C6-48CE-90DF-5C82F4E45758}.Release|Any CPU.ActiveCfg = Release|Any CPU
		{C86988CD-B5C6-48CE-90DF-5C82F4E45758}.Release|Any CPU.Build.0 = Release|Any CPU
	EndGlobalSection
	GlobalSection(SolutionProperties) = preSolution
		HideSolutionNode = FALSE
	EndGlobalSection
	GlobalSection(ExtensibilityGlobals) = postSolution
		SolutionGuid = {E422F482-3E0A-43CE-BA79-526F1CABF140}
	EndGlobalSection
EndGlobal
