
Microsoft Visual Studio Solution File, Format Version 12.00
# Visual Studio Version 17
VisualStudioVersion = 17.7.34031.279
MinimumVisualStudioVersion = 10.0.40219.1
Project("{FAE04EC0-301F-11D3-BF4B-00C04F79EFBC}") = "Q_01", "Q_01\Q_01.csproj", "{25B6573A-3D02-4FEB-9F05-0323D39A9C7B}"
EndProject
Project("{FAE04EC0-301F-11D3-BF4B-00C04F79EFBC}") = "Q_02", "Q_02\Q_02.csproj", "{5FD55A18-267B-402D-BDCA-297ED279E679}"
EndProject
Project("{FAE04EC0-301F-11D3-BF4B-00C04F79EFBC}") = "Q_03", "Q_03\Q_03.csproj", "{48B4C5C6-52F6-4599-BEAC-9BF1AC254459}"
EndProject
Project("{FAE04EC0-301F-11D3-BF4B-00C04F79EFBC}") = "Q_04", "Q_04\Q_04.csproj", "{96DB95D6-7997-47CA-A3E8-CF3EDE7CCDBE}"
EndProject
Project("{FAE04EC0-301F-11D3-BF4B-00C04F79EFBC}") = "Q_05", "Q_05\Q_05.csproj", "{53845A5C-9CC0-424C-B069-4DB9B3860F79}"
EndProject
Project("{FAE04EC0-301F-11D3-BF4B-00C04F79EFBC}") = "Q_06", "Q_06\Q_06.csproj", "{E10AE11E-43A8-45FC-AF69-48D94A678D6E}"
EndProject
Project("{FAE04EC0-301F-11D3-BF4B-00C04F79EFBC}") = "Q_07", "Q_07\Q_07.csproj", "{638E6241-7466-4354-B575-C495F1E0396F}"
EndProject
Project("{FAE04EC0-301F-11D3-BF4B-00C04F79EFBC}") = "Q_08", "Q_08\Q_08.csproj", "{C91400DD-A081-4458-887C-D3AEB414D95D}"
EndProject
Project("{FAE04EC0-301F-11D3-BF4B-00C04F79EFBC}") = "Q_09", "Q_09\Q_09.csproj", "{0C5DBFDF-F5EC-4186-925D-13D78AE84700}"
EndProject
Project("{FAE04EC0-301F-11D3-BF4B-00C04F79EFBC}") = "Q_10", "Q_10\Q_10.csproj", "{808D5633-76AC-46B9-BDCB-8265F0C3CCB8}"
EndProject
Project("{FAE04EC0-301F-11D3-BF4B-00C04F79EFBC}") = "Q_11", "Q_11\Q_11.csproj", "{8716FE04-A6C8-4BF0-B53F-14B020FE8D40}"
EndProject
Project("{FAE04EC0-301F-11D3-BF4B-00C04F79EFBC}") = "Q_12", "Q_12\Q_12.csproj", "{0D2098E3-48E9-4F5E-AE8B-7B331A3EBE53}"
EndProject
Project("{FAE04EC0-301F-11D3-BF4B-00C04F79EFBC}") = "Q_13", "Q_13\Q_13.csproj", "{265AF6D5-D185-45B9-A49D-447DF4504135}"
EndProject
Project("{FAE04EC0-301F-11D3-BF4B-00C04F79EFBC}") = "Q_14", "Q_14\Q_14.csproj", "{8FA7E2ED-0B44-410E-B3BD-51D14F1A6ECE}"
EndProject
Project("{FAE04EC0-301F-11D3-BF4B-00C04F79EFBC}") = "Q_15", "Q_15\Q_15.csproj", "{A6681A9E-252B-4E91-9722-95899541DC92}"
EndProject
Project("{FAE04EC0-301F-11D3-BF4B-00C04F79EFBC}") = "Q_16", "Q_16\Q_16.csproj", "{F000BEEA-C384-41CE-99F0-C1E5AD8ABF46}"
EndProject
Project("{FAE04EC0-301F-11D3-BF4B-00C04F79EFBC}") = "Q_17", "Q_17\Q_17.csproj", "{6551DB27-C778-4824-8E25-9D84D7EF4C36}"
EndProject
Project("{FAE04EC0-301F-11D3-BF4B-00C04F79EFBC}") = "Q_18", "Q_18\Q_18.csproj", "{D88D66EB-BFA0-4DB9-9C70-6DCCF30913C8}"
EndProject
Project("{FAE04EC0-301F-11D3-BF4B-00C04F79EFBC}") = "Q_19", "Q_19\Q_19.csproj", "{D37DC122-A24E-4508-8D44-36A9D5BD343F}"
EndProject
Project("{FAE04EC0-301F-11D3-BF4B-00C04F79EFBC}") = "Q_20", "Q_20\Q_20.csproj", "{510E38B6-E6F2-41ED-9911-C794318E4E71}"
EndProject
Project("{FAE04EC0-301F-11D3-BF4B-00C04F79EFBC}") = "Q_21", "Q_21\Q_21.csproj", "{9F05C17C-17B8-47FE-A1E9-49BBD5D4C72F}"
EndProject
Project("{FAE04EC0-301F-11D3-BF4B-00C04F79EFBC}") = "Q_22", "Q_22\Q_22.csproj", "{8ECDCDE3-0AFC-4A01-A3EA-903902ADF02F}"
EndProject
Project("{FAE04EC0-301F-11D3-BF4B-00C04F79EFBC}") = "Q_23", "Q_23\Q_23.csproj", "{10696A33-8181-4EC3-98EE-4B8793D89A6B}"
EndProject
Project("{FAE04EC0-301F-11D3-BF4B-00C04F79EFBC}") = "Q_24", "Q_24\Q_24.csproj", "{F7026685-BBBD-4828-8C70-793BA09B27E5}"
EndProject
Project("{FAE04EC0-301F-11D3-BF4B-00C04F79EFBC}") = "Q_25", "Q_25\Q_25.csproj", "{DEC00FCD-7288-4C91-8A57-5376134D5702}"
EndProject
Project("{FAE04EC0-301F-11D3-BF4B-00C04F79EFBC}") = "Q_26", "Q_26\Q_26.csproj", "{748C958C-6FA8-4394-B2E6-2172A03F2E46}"
EndProject
Project("{FAE04EC0-301F-11D3-BF4B-00C04F79EFBC}") = "Q_27", "Q_27\Q_27.csproj", "{122D84A3-E32F-4735-BD53-9A8E17B39081}"
EndProject
Project("{FAE04EC0-301F-11D3-BF4B-00C04F79EFBC}") = "Q_28", "Q_28\Q_28.csproj", "{8B8BB05B-81ED-4B58-B700-58E49A5A7B62}"
EndProject
Project("{FAE04EC0-301F-11D3-BF4B-00C04F79EFBC}") = "Q_29", "Q_29\Q_29.csproj", "{E184BC2F-8BA2-4576-AC28-57E1D1C07F68}"
EndProject
Project("{FAE04EC0-301F-11D3-BF4B-00C04F79EFBC}") = "Q_30", "Q_30\Q_30.csproj", "{07E30074-4DC8-4602-90FA-949E8248EDF2}"
EndProject
Project("{FAE04EC0-301F-11D3-BF4B-00C04F79EFBC}") = "Q_31", "Q_31\Q_31.csproj", "{459DD61A-1751-411C-8D0B-18B22C957749}"
EndProject
Project("{FAE04EC0-301F-11D3-BF4B-00C04F79EFBC}") = "Q_32", "Q_32\Q_32.csproj", "{20C428AB-808F-47DB-A7B3-E22966846D0D}"
EndProject
Project("{FAE04EC0-301F-11D3-BF4B-00C04F79EFBC}") = "Q_33", "Q_33\Q_33.csproj", "{703628B8-F6C2-480D-84AA-06825D86E4F0}"
EndProject
Project("{FAE04EC0-301F-11D3-BF4B-00C04F79EFBC}") = "Q_34", "Q_34\Q_34.csproj", "{855A2C94-0991-42FC-9325-CB50D41DA6EB}"
EndProject
Project("{FAE04EC0-301F-11D3-BF4B-00C04F79EFBC}") = "Q_35", "Q_35\Q_35.csproj", "{8B3AA836-720A-46B0-8D13-FF0FABB21F89}"
EndProject
Project("{FAE04EC0-301F-11D3-BF4B-00C04F79EFBC}") = "Q_36", "Q_36\Q_36.csproj", "{A42A28B0-48C8-4874-80E1-E5EAC9E17DFB}"
EndProject
Project("{FAE04EC0-301F-11D3-BF4B-00C04F79EFBC}") = "Q_37", "Q_37\Q_37.csproj", "{DDC71ED8-D60C-472F-BAA4-83618CE8E2D8}"
EndProject
Project("{FAE04EC0-301F-11D3-BF4B-00C04F79EFBC}") = "Q_38", "Q_38\Q_38.csproj", "{53C57691-F784-457B-92B2-C3374133FA7F}"
EndProject
Project("{FAE04EC0-301F-11D3-BF4B-00C04F79EFBC}") = "Q_39", "Q_39\Q_39.csproj", "{CAA17F1C-6C1A-4996-847C-04B6952A7C83}"
EndProject
Global
	GlobalSection(SolutionConfigurationPlatforms) = preSolution
		Debug|Any CPU = Debug|Any CPU
		Release|Any CPU = Release|Any CPU
	EndGlobalSection
	GlobalSection(ProjectConfigurationPlatforms) = postSolution
		{25B6573A-3D02-4FEB-9F05-0323D39A9C7B}.Debug|Any CPU.ActiveCfg = Debug|Any CPU
		{25B6573A-3D02-4FEB-9F05-0323D39A9C7B}.Debug|Any CPU.Build.0 = Debug|Any CPU
		{25B6573A-3D02-4FEB-9F05-0323D39A9C7B}.Release|Any CPU.ActiveCfg = Release|Any CPU
		{25B6573A-3D02-4FEB-9F05-0323D39A9C7B}.Release|Any CPU.Build.0 = Release|Any CPU
		{5FD55A18-267B-402D-BDCA-297ED279E679}.Debug|Any CPU.ActiveCfg = Debug|Any CPU
		{5FD55A18-267B-402D-BDCA-297ED279E679}.Debug|Any CPU.Build.0 = Debug|Any CPU
		{5FD55A18-267B-402D-BDCA-297ED279E679}.Release|Any CPU.ActiveCfg = Release|Any CPU
		{5FD55A18-267B-402D-BDCA-297ED279E679}.Release|Any CPU.Build.0 = Release|Any CPU
		{48B4C5C6-52F6-4599-BEAC-9BF1AC254459}.Debug|Any CPU.ActiveCfg = Debug|Any CPU
		{48B4C5C6-52F6-4599-BEAC-9BF1AC254459}.Debug|Any CPU.Build.0 = Debug|Any CPU
		{48B4C5C6-52F6-4599-BEAC-9BF1AC254459}.Release|Any CPU.ActiveCfg = Release|Any CPU
		{48B4C5C6-52F6-4599-BEAC-9BF1AC254459}.Release|Any CPU.Build.0 = Release|Any CPU
		{96DB95D6-7997-47CA-A3E8-CF3EDE7CCDBE}.Debug|Any CPU.ActiveCfg = Debug|Any CPU
		{96DB95D6-7997-47CA-A3E8-CF3EDE7CCDBE}.Debug|Any CPU.Build.0 = Debug|Any CPU
		{96DB95D6-7997-47CA-A3E8-CF3EDE7CCDBE}.Release|Any CPU.ActiveCfg = Release|Any CPU
		{96DB95D6-7997-47CA-A3E8-CF3EDE7CCDBE}.Release|Any CPU.Build.0 = Release|Any CPU
		{53845A5C-9CC0-424C-B069-4DB9B3860F79}.Debug|Any CPU.ActiveCfg = Debug|Any CPU
		{53845A5C-9CC0-424C-B069-4DB9B3860F79}.Debug|Any CPU.Build.0 = Debug|Any CPU
		{53845A5C-9CC0-424C-B069-4DB9B3860F79}.Release|Any CPU.ActiveCfg = Release|Any CPU
		{53845A5C-9CC0-424C-B069-4DB9B3860F79}.Release|Any CPU.Build.0 = Release|Any CPU
		{E10AE11E-43A8-45FC-AF69-48D94A678D6E}.Debug|Any CPU.ActiveCfg = Debug|Any CPU
		{E10AE11E-43A8-45FC-AF69-48D94A678D6E}.Debug|Any CPU.Build.0 = Debug|Any CPU
		{E10AE11E-43A8-45FC-AF69-48D94A678D6E}.Release|Any CPU.ActiveCfg = Release|Any CPU
		{E10AE11E-43A8-45FC-AF69-48D94A678D6E}.Release|Any CPU.Build.0 = Release|Any CPU
		{638E6241-7466-4354-B575-C495F1E0396F}.Debug|Any CPU.ActiveCfg = Debug|Any CPU
		{638E6241-7466-4354-B575-C495F1E0396F}.Debug|Any CPU.Build.0 = Debug|Any CPU
		{638E6241-7466-4354-B575-C495F1E0396F}.Release|Any CPU.ActiveCfg = Release|Any CPU
		{638E6241-7466-4354-B575-C495F1E0396F}.Release|Any CPU.Build.0 = Release|Any CPU
		{C91400DD-A081-4458-887C-D3AEB414D95D}.Debug|Any CPU.ActiveCfg = Debug|Any CPU
		{C91400DD-A081-4458-887C-D3AEB414D95D}.Debug|Any CPU.Build.0 = Debug|Any CPU
		{C91400DD-A081-4458-887C-D3AEB414D95D}.Release|Any CPU.ActiveCfg = Release|Any CPU
		{C91400DD-A081-4458-887C-D3AEB414D95D}.Release|Any CPU.Build.0 = Release|Any CPU
		{0C5DBFDF-F5EC-4186-925D-13D78AE84700}.Debug|Any CPU.ActiveCfg = Debug|Any CPU
		{0C5DBFDF-F5EC-4186-925D-13D78AE84700}.Debug|Any CPU.Build.0 = Debug|Any CPU
		{0C5DBFDF-F5EC-4186-925D-13D78AE84700}.Release|Any CPU.ActiveCfg = Release|Any CPU
		{0C5DBFDF-F5EC-4186-925D-13D78AE84700}.Release|Any CPU.Build.0 = Release|Any CPU
		{808D5633-76AC-46B9-BDCB-8265F0C3CCB8}.Debug|Any CPU.ActiveCfg = Debug|Any CPU
		{808D5633-76AC-46B9-BDCB-8265F0C3CCB8}.Debug|Any CPU.Build.0 = Debug|Any CPU
		{808D5633-76AC-46B9-BDCB-8265F0C3CCB8}.Release|Any CPU.ActiveCfg = Release|Any CPU
		{808D5633-76AC-46B9-BDCB-8265F0C3CCB8}.Release|Any CPU.Build.0 = Release|Any CPU
		{8716FE04-A6C8-4BF0-B53F-14B020FE8D40}.Debug|Any CPU.ActiveCfg = Debug|Any CPU
		{8716FE04-A6C8-4BF0-B53F-14B020FE8D40}.Debug|Any CPU.Build.0 = Debug|Any CPU
		{8716FE04-A6C8-4BF0-B53F-14B020FE8D40}.Release|Any CPU.ActiveCfg = Release|Any CPU
		{8716FE04-A6C8-4BF0-B53F-14B020FE8D40}.Release|Any CPU.Build.0 = Release|Any CPU
		{0D2098E3-48E9-4F5E-AE8B-7B331A3EBE53}.Debug|Any CPU.ActiveCfg = Debug|Any CPU
		{0D2098E3-48E9-4F5E-AE8B-7B331A3EBE53}.Debug|Any CPU.Build.0 = Debug|Any CPU
		{0D2098E3-48E9-4F5E-AE8B-7B331A3EBE53}.Release|Any CPU.ActiveCfg = Release|Any CPU
		{0D2098E3-48E9-4F5E-AE8B-7B331A3EBE53}.Release|Any CPU.Build.0 = Release|Any CPU
		{265AF6D5-D185-45B9-A49D-447DF4504135}.Debug|Any CPU.ActiveCfg = Debug|Any CPU
		{265AF6D5-D185-45B9-A49D-447DF4504135}.Debug|Any CPU.Build.0 = Debug|Any CPU
		{265AF6D5-D185-45B9-A49D-447DF4504135}.Release|Any CPU.ActiveCfg = Release|Any CPU
		{265AF6D5-D185-45B9-A49D-447DF4504135}.Release|Any CPU.Build.0 = Release|Any CPU
		{8FA7E2ED-0B44-410E-B3BD-51D14F1A6ECE}.Debug|Any CPU.ActiveCfg = Debug|Any CPU
		{8FA7E2ED-0B44-410E-B3BD-51D14F1A6ECE}.Debug|Any CPU.Build.0 = Debug|Any CPU
		{8FA7E2ED-0B44-410E-B3BD-51D14F1A6ECE}.Release|Any CPU.ActiveCfg = Release|Any CPU
		{8FA7E2ED-0B44-410E-B3BD-51D14F1A6ECE}.Release|Any CPU.Build.0 = Release|Any CPU
		{A6681A9E-252B-4E91-9722-95899541DC92}.Debug|Any CPU.ActiveCfg = Debug|Any CPU
		{A6681A9E-252B-4E91-9722-95899541DC92}.Debug|Any CPU.Build.0 = Debug|Any CPU
		{A6681A9E-252B-4E91-9722-95899541DC92}.Release|Any CPU.ActiveCfg = Release|Any CPU
		{A6681A9E-252B-4E91-9722-95899541DC92}.Release|Any CPU.Build.0 = Release|Any CPU
		{F000BEEA-C384-41CE-99F0-C1E5AD8ABF46}.Debug|Any CPU.ActiveCfg = Debug|Any CPU
		{F000BEEA-C384-41CE-99F0-C1E5AD8ABF46}.Debug|Any CPU.Build.0 = Debug|Any CPU
		{F000BEEA-C384-41CE-99F0-C1E5AD8ABF46}.Release|Any CPU.ActiveCfg = Release|Any CPU
		{F000BEEA-C384-41CE-99F0-C1E5AD8ABF46}.Release|Any CPU.Build.0 = Release|Any CPU
		{6551DB27-C778-4824-8E25-9D84D7EF4C36}.Debug|Any CPU.ActiveCfg = Debug|Any CPU
		{6551DB27-C778-4824-8E25-9D84D7EF4C36}.Debug|Any CPU.Build.0 = Debug|Any CPU
		{6551DB27-C778-4824-8E25-9D84D7EF4C36}.Release|Any CPU.ActiveCfg = Release|Any CPU
		{6551DB27-C778-4824-8E25-9D84D7EF4C36}.Release|Any CPU.Build.0 = Release|Any CPU
		{D88D66EB-BFA0-4DB9-9C70-6DCCF30913C8}.Debug|Any CPU.ActiveCfg = Debug|Any CPU
		{D88D66EB-BFA0-4DB9-9C70-6DCCF30913C8}.Debug|Any CPU.Build.0 = Debug|Any CPU
		{D88D66EB-BFA0-4DB9-9C70-6DCCF30913C8}.Release|Any CPU.ActiveCfg = Release|Any CPU
		{D88D66EB-BFA0-4DB9-9C70-6DCCF30913C8}.Release|Any CPU.Build.0 = Release|Any CPU
		{D37DC122-A24E-4508-8D44-36A9D5BD343F}.Debug|Any CPU.ActiveCfg = Debug|Any CPU
		{D37DC122-A24E-4508-8D44-36A9D5BD343F}.Debug|Any CPU.Build.0 = Debug|Any CPU
		{D37DC122-A24E-4508-8D44-36A9D5BD343F}.Release|Any CPU.ActiveCfg = Release|Any CPU
		{D37DC122-A24E-4508-8D44-36A9D5BD343F}.Release|Any CPU.Build.0 = Release|Any CPU
		{510E38B6-E6F2-41ED-9911-C794318E4E71}.Debug|Any CPU.ActiveCfg = Debug|Any CPU
		{510E38B6-E6F2-41ED-9911-C794318E4E71}.Debug|Any CPU.Build.0 = Debug|Any CPU
		{510E38B6-E6F2-41ED-9911-C794318E4E71}.Release|Any CPU.ActiveCfg = Release|Any CPU
		{510E38B6-E6F2-41ED-9911-C794318E4E71}.Release|Any CPU.Build.0 = Release|Any CPU
		{9F05C17C-17B8-47FE-A1E9-49BBD5D4C72F}.Debug|Any CPU.ActiveCfg = Debug|Any CPU
		{9F05C17C-17B8-47FE-A1E9-49BBD5D4C72F}.Debug|Any CPU.Build.0 = Debug|Any CPU
		{9F05C17C-17B8-47FE-A1E9-49BBD5D4C72F}.Release|Any CPU.ActiveCfg = Release|Any CPU
		{9F05C17C-17B8-47FE-A1E9-49BBD5D4C72F}.Release|Any CPU.Build.0 = Release|Any CPU
		{8ECDCDE3-0AFC-4A01-A3EA-903902ADF02F}.Debug|Any CPU.ActiveCfg = Debug|Any CPU
		{8ECDCDE3-0AFC-4A01-A3EA-903902ADF02F}.Debug|Any CPU.Build.0 = Debug|Any CPU
		{8ECDCDE3-0AFC-4A01-A3EA-903902ADF02F}.Release|Any CPU.ActiveCfg = Release|Any CPU
		{8ECDCDE3-0AFC-4A01-A3EA-903902ADF02F}.Release|Any CPU.Build.0 = Release|Any CPU
		{10696A33-8181-4EC3-98EE-4B8793D89A6B}.Debug|Any CPU.ActiveCfg = Debug|Any CPU
		{10696A33-8181-4EC3-98EE-4B8793D89A6B}.Debug|Any CPU.Build.0 = Debug|Any CPU
		{10696A33-8181-4EC3-98EE-4B8793D89A6B}.Release|Any CPU.ActiveCfg = Release|Any CPU
		{10696A33-8181-4EC3-98EE-4B8793D89A6B}.Release|Any CPU.Build.0 = Release|Any CPU
		{F7026685-BBBD-4828-8C70-793BA09B27E5}.Debug|Any CPU.ActiveCfg = Debug|Any CPU
		{F7026685-BBBD-4828-8C70-793BA09B27E5}.Debug|Any CPU.Build.0 = Debug|Any CPU
		{F7026685-BBBD-4828-8C70-793BA09B27E5}.Release|Any CPU.ActiveCfg = Release|Any CPU
		{F7026685-BBBD-4828-8C70-793BA09B27E5}.Release|Any CPU.Build.0 = Release|Any CPU
		{DEC00FCD-7288-4C91-8A57-5376134D5702}.Debug|Any CPU.ActiveCfg = Debug|Any CPU
		{DEC00FCD-7288-4C91-8A57-5376134D5702}.Debug|Any CPU.Build.0 = Debug|Any CPU
		{DEC00FCD-7288-4C91-8A57-5376134D5702}.Release|Any CPU.ActiveCfg = Release|Any CPU
		{DEC00FCD-7288-4C91-8A57-5376134D5702}.Release|Any CPU.Build.0 = Release|Any CPU
		{748C958C-6FA8-4394-B2E6-2172A03F2E46}.Debug|Any CPU.ActiveCfg = Debug|Any CPU
		{748C958C-6FA8-4394-B2E6-2172A03F2E46}.Debug|Any CPU.Build.0 = Debug|Any CPU
		{748C958C-6FA8-4394-B2E6-2172A03F2E46}.Release|Any CPU.ActiveCfg = Release|Any CPU
		{748C958C-6FA8-4394-B2E6-2172A03F2E46}.Release|Any CPU.Build.0 = Release|Any CPU
		{122D84A3-E32F-4735-BD53-9A8E17B39081}.Debug|Any CPU.ActiveCfg = Debug|Any CPU
		{122D84A3-E32F-4735-BD53-9A8E17B39081}.Debug|Any CPU.Build.0 = Debug|Any CPU
		{122D84A3-E32F-4735-BD53-9A8E17B39081}.Release|Any CPU.ActiveCfg = Release|Any CPU
		{122D84A3-E32F-4735-BD53-9A8E17B39081}.Release|Any CPU.Build.0 = Release|Any CPU
		{8B8BB05B-81ED-4B58-B700-58E49A5A7B62}.Debug|Any CPU.ActiveCfg = Debug|Any CPU
		{8B8BB05B-81ED-4B58-B700-58E49A5A7B62}.Debug|Any CPU.Build.0 = Debug|Any CPU
		{8B8BB05B-81ED-4B58-B700-58E49A5A7B62}.Release|Any CPU.ActiveCfg = Release|Any CPU
		{8B8BB05B-81ED-4B58-B700-58E49A5A7B62}.Release|Any CPU.Build.0 = Release|Any CPU
		{E184BC2F-8BA2-4576-AC28-57E1D1C07F68}.Debug|Any CPU.ActiveCfg = Debug|Any CPU
		{E184BC2F-8BA2-4576-AC28-57E1D1C07F68}.Debug|Any CPU.Build.0 = Debug|Any CPU
		{E184BC2F-8BA2-4576-AC28-57E1D1C07F68}.Release|Any CPU.ActiveCfg = Release|Any CPU
		{E184BC2F-8BA2-4576-AC28-57E1D1C07F68}.Release|Any CPU.Build.0 = Release|Any CPU
		{07E30074-4DC8-4602-90FA-949E8248EDF2}.Debug|Any CPU.ActiveCfg = Debug|Any CPU
		{07E30074-4DC8-4602-90FA-949E8248EDF2}.Debug|Any CPU.Build.0 = Debug|Any CPU
		{07E30074-4DC8-4602-90FA-949E8248EDF2}.Release|Any CPU.ActiveCfg = Release|Any CPU
		{07E30074-4DC8-4602-90FA-949E8248EDF2}.Release|Any CPU.Build.0 = Release|Any CPU
		{459DD61A-1751-411C-8D0B-18B22C957749}.Debug|Any CPU.ActiveCfg = Debug|Any CPU
		{459DD61A-1751-411C-8D0B-18B22C957749}.Debug|Any CPU.Build.0 = Debug|Any CPU
		{459DD61A-1751-411C-8D0B-18B22C957749}.Release|Any CPU.ActiveCfg = Release|Any CPU
		{459DD61A-1751-411C-8D0B-18B22C957749}.Release|Any CPU.Build.0 = Release|Any CPU
		{20C428AB-808F-47DB-A7B3-E22966846D0D}.Debug|Any CPU.ActiveCfg = Debug|Any CPU
		{20C428AB-808F-47DB-A7B3-E22966846D0D}.Debug|Any CPU.Build.0 = Debug|Any CPU
		{20C428AB-808F-47DB-A7B3-E22966846D0D}.Release|Any CPU.ActiveCfg = Release|Any CPU
		{20C428AB-808F-47DB-A7B3-E22966846D0D}.Release|Any CPU.Build.0 = Release|Any CPU
		{703628B8-F6C2-480D-84AA-06825D86E4F0}.Debug|Any CPU.ActiveCfg = Debug|Any CPU
		{703628B8-F6C2-480D-84AA-06825D86E4F0}.Debug|Any CPU.Build.0 = Debug|Any CPU
		{703628B8-F6C2-480D-84AA-06825D86E4F0}.Release|Any CPU.ActiveCfg = Release|Any CPU
		{703628B8-F6C2-480D-84AA-06825D86E4F0}.Release|Any CPU.Build.0 = Release|Any CPU
		{855A2C94-0991-42FC-9325-CB50D41DA6EB}.Debug|Any CPU.ActiveCfg = Debug|Any CPU
		{855A2C94-0991-42FC-9325-CB50D41DA6EB}.Debug|Any CPU.Build.0 = Debug|Any CPU
		{855A2C94-0991-42FC-9325-CB50D41DA6EB}.Release|Any CPU.ActiveCfg = Release|Any CPU
		{855A2C94-0991-42FC-9325-CB50D41DA6EB}.Release|Any CPU.Build.0 = Release|Any CPU
		{8B3AA836-720A-46B0-8D13-FF0FABB21F89}.Debug|Any CPU.ActiveCfg = Debug|Any CPU
		{8B3AA836-720A-46B0-8D13-FF0FABB21F89}.Debug|Any CPU.Build.0 = Debug|Any CPU
		{8B3AA836-720A-46B0-8D13-FF0FABB21F89}.Release|Any CPU.ActiveCfg = Release|Any CPU
		{8B3AA836-720A-46B0-8D13-FF0FABB21F89}.Release|Any CPU.Build.0 = Release|Any CPU
		{A42A28B0-48C8-4874-80E1-E5EAC9E17DFB}.Debug|Any CPU.ActiveCfg = Debug|Any CPU
		{A42A28B0-48C8-4874-80E1-E5EAC9E17DFB}.Debug|Any CPU.Build.0 = Debug|Any CPU
		{A42A28B0-48C8-4874-80E1-E5EAC9E17DFB}.Release|Any CPU.ActiveCfg = Release|Any CPU
		{A42A28B0-48C8-4874-80E1-E5EAC9E17DFB}.Release|Any CPU.Build.0 = Release|Any CPU
		{DDC71ED8-D60C-472F-BAA4-83618CE8E2D8}.Debug|Any CPU.ActiveCfg = Debug|Any CPU
		{DDC71ED8-D60C-472F-BAA4-83618CE8E2D8}.Debug|Any CPU.Build.0 = Debug|Any CPU
		{DDC71ED8-D60C-472F-BAA4-83618CE8E2D8}.Release|Any CPU.ActiveCfg = Release|Any CPU
		{DDC71ED8-D60C-472F-BAA4-83618CE8E2D8}.Release|Any CPU.Build.0 = Release|Any CPU
		{53C57691-F784-457B-92B2-C3374133FA7F}.Debug|Any CPU.ActiveCfg = Debug|Any CPU
		{53C57691-F784-457B-92B2-C3374133FA7F}.Debug|Any CPU.Build.0 = Debug|Any CPU
		{53C57691-F784-457B-92B2-C3374133FA7F}.Release|Any CPU.ActiveCfg = Release|Any CPU
		{53C57691-F784-457B-92B2-C3374133FA7F}.Release|Any CPU.Build.0 = Release|Any CPU
		{CAA17F1C-6C1A-4996-847C-04B6952A7C83}.Debug|Any CPU.ActiveCfg = Debug|Any CPU
		{CAA17F1C-6C1A-4996-847C-04B6952A7C83}.Debug|Any CPU.Build.0 = Debug|Any CPU
		{CAA17F1C-6C1A-4996-847C-04B6952A7C83}.Release|Any CPU.ActiveCfg = Release|Any CPU
		{CAA17F1C-6C1A-4996-847C-04B6952A7C83}.Release|Any CPU.Build.0 = Release|Any CPU
	EndGlobalSection
	GlobalSection(SolutionProperties) = preSolution
		HideSolutionNode = FALSE
	EndGlobalSection
	GlobalSection(ExtensibilityGlobals) = postSolution
		SolutionGuid = {103D2160-BBFB-4A47-866D-52FBBD575A0A}
	EndGlobalSection
EndGlobal
