
Microsoft Visual Studio Solution File, Format Version 12.00
# Visual Studio Version 17
VisualStudioVersion = 17.9.34902.65
MinimumVisualStudioVersion = 10.0.40219.1
Project("{FAE04EC0-301F-11D3-BF4B-00C04F79EFBC}") = "Q_01", "Q_01\Q_01.csproj", "{7A1A5F8C-F5ED-4E36-97C9-0C7BB7B3F2EA}"
EndProject
Project("{FAE04EC0-301F-11D3-BF4B-00C04F79EFBC}") = "Q_02", "Q_02\Q_02.csproj", "{4AE5CAAC-A3AF-4F30-A63A-2EA5C03B6A04}"
EndProject
Project("{FAE04EC0-301F-11D3-BF4B-00C04F79EFBC}") = "Q_03", "Q_03\Q_03.csproj", "{B3F36D2B-C2AB-4DEA-AA39-B2E773F772F3}"
EndProject
Project("{FAE04EC0-301F-11D3-BF4B-00C04F79EFBC}") = "Q_04", "Q_04\Q_04.csproj", "{B7784730-F116-4864-B015-4B4111C043C4}"
EndProject
Project("{FAE04EC0-301F-11D3-BF4B-00C04F79EFBC}") = "Q_05", "Q_05\Q_05.csproj", "{89641832-9862-4612-BB64-1543AADBFE9F}"
EndProject
Project("{FAE04EC0-301F-11D3-BF4B-00C04F79EFBC}") = "Q_06", "Q_06\Q_06.csproj", "{56182746-E5A6-44DC-95FE-2D4557DAA5F0}"
EndProject
Project("{FAE04EC0-301F-11D3-BF4B-00C04F79EFBC}") = "Q_07", "Q_07\Q_07.csproj", "{02DC47B1-168B-4909-A96E-B5D931C3D18C}"
EndProject
Project("{FAE04EC0-301F-11D3-BF4B-00C04F79EFBC}") = "Q_08", "Q_08\Q_08.csproj", "{EC89BD53-C5AF-4099-B545-9A5965CFED37}"
EndProject
Project("{FAE04EC0-301F-11D3-BF4B-00C04F79EFBC}") = "Q_09", "Q_09\Q_09.csproj", "{09494F3C-64B4-4E3D-BB1F-29390F78FE11}"
EndProject
Project("{FAE04EC0-301F-11D3-BF4B-00C04F79EFBC}") = "R_01", "R_01\R_01.csproj", "{624A3F23-C6FE-472E-B4E5-5587F114AA0E}"
EndProject
Project("{FAE04EC0-301F-11D3-BF4B-00C04F79EFBC}") = "R_02", "R_02\R_02.csproj", "{17370122-FFA6-47EC-8D0C-03E826B157E3}"
EndProject
Global
	GlobalSection(SolutionConfigurationPlatforms) = preSolution
		Debug|Any CPU = Debug|Any CPU
		Release|Any CPU = Release|Any CPU
	EndGlobalSection
	GlobalSection(ProjectConfigurationPlatforms) = postSolution
		{7A1A5F8C-F5ED-4E36-97C9-0C7BB7B3F2EA}.Debug|Any CPU.ActiveCfg = Debug|Any CPU
		{7A1A5F8C-F5ED-4E36-97C9-0C7BB7B3F2EA}.Debug|Any CPU.Build.0 = Debug|Any CPU
		{7A1A5F8C-F5ED-4E36-97C9-0C7BB7B3F2EA}.Release|Any CPU.ActiveCfg = Release|Any CPU
		{7A1A5F8C-F5ED-4E36-97C9-0C7BB7B3F2EA}.Release|Any CPU.Build.0 = Release|Any CPU
		{4AE5CAAC-A3AF-4F30-A63A-2EA5C03B6A04}.Debug|Any CPU.ActiveCfg = Debug|Any CPU
		{4AE5CAAC-A3AF-4F30-A63A-2EA5C03B6A04}.Debug|Any CPU.Build.0 = Debug|Any CPU
		{4AE5CAAC-A3AF-4F30-A63A-2EA5C03B6A04}.Release|Any CPU.ActiveCfg = Release|Any CPU
		{4AE5CAAC-A3AF-4F30-A63A-2EA5C03B6A04}.Release|Any CPU.Build.0 = Release|Any CPU
		{B3F36D2B-C2AB-4DEA-AA39-B2E773F772F3}.Debug|Any CPU.ActiveCfg = Debug|Any CPU
		{B3F36D2B-C2AB-4DEA-AA39-B2E773F772F3}.Debug|Any CPU.Build.0 = Debug|Any CPU
		{B3F36D2B-C2AB-4DEA-AA39-B2E773F772F3}.Release|Any CPU.ActiveCfg = Release|Any CPU
		{B3F36D2B-C2AB-4DEA-AA39-B2E773F772F3}.Release|Any CPU.Build.0 = Release|Any CPU
		{B7784730-F116-4864-B015-4B4111C043C4}.Debug|Any CPU.ActiveCfg = Debug|Any CPU
		{B7784730-F116-4864-B015-4B4111C043C4}.Debug|Any CPU.Build.0 = Debug|Any CPU
		{B7784730-F116-4864-B015-4B4111C043C4}.Release|Any CPU.ActiveCfg = Release|Any CPU
		{B7784730-F116-4864-B015-4B4111C043C4}.Release|Any CPU.Build.0 = Release|Any CPU
		{89641832-9862-4612-BB64-1543AADBFE9F}.Debug|Any CPU.ActiveCfg = Debug|Any CPU
		{89641832-9862-4612-BB64-1543AADBFE9F}.Debug|Any CPU.Build.0 = Debug|Any CPU
		{89641832-9862-4612-BB64-1543AADBFE9F}.Release|Any CPU.ActiveCfg = Release|Any CPU
		{89641832-9862-4612-BB64-1543AADBFE9F}.Release|Any CPU.Build.0 = Release|Any CPU
		{56182746-E5A6-44DC-95FE-2D4557DAA5F0}.Debug|Any CPU.ActiveCfg = Debug|Any CPU
		{56182746-E5A6-44DC-95FE-2D4557DAA5F0}.Debug|Any CPU.Build.0 = Debug|Any CPU
		{56182746-E5A6-44DC-95FE-2D4557DAA5F0}.Release|Any CPU.ActiveCfg = Release|Any CPU
		{56182746-E5A6-44DC-95FE-2D4557DAA5F0}.Release|Any CPU.Build.0 = Release|Any CPU
		{02DC47B1-168B-4909-A96E-B5D931C3D18C}.Debug|Any CPU.ActiveCfg = Debug|Any CPU
		{02DC47B1-168B-4909-A96E-B5D931C3D18C}.Debug|Any CPU.Build.0 = Debug|Any CPU
		{02DC47B1-168B-4909-A96E-B5D931C3D18C}.Release|Any CPU.ActiveCfg = Release|Any CPU
		{02DC47B1-168B-4909-A96E-B5D931C3D18C}.Release|Any CPU.Build.0 = Release|Any CPU
		{EC89BD53-C5AF-4099-B545-9A5965CFED37}.Debug|Any CPU.ActiveCfg = Debug|Any CPU
		{EC89BD53-C5AF-4099-B545-9A5965CFED37}.Debug|Any CPU.Build.0 = Debug|Any CPU
		{EC89BD53-C5AF-4099-B545-9A5965CFED37}.Release|Any CPU.ActiveCfg = Release|Any CPU
		{EC89BD53-C5AF-4099-B545-9A5965CFED37}.Release|Any CPU.Build.0 = Release|Any CPU
		{09494F3C-64B4-4E3D-BB1F-29390F78FE11}.Debug|Any CPU.ActiveCfg = Debug|Any CPU
		{09494F3C-64B4-4E3D-BB1F-29390F78FE11}.Debug|Any CPU.Build.0 = Debug|Any CPU
		{09494F3C-64B4-4E3D-BB1F-29390F78FE11}.Release|Any CPU.ActiveCfg = Release|Any CPU
		{09494F3C-64B4-4E3D-BB1F-29390F78FE11}.Release|Any CPU.Build.0 = Release|Any CPU
		{624A3F23-C6FE-472E-B4E5-5587F114AA0E}.Debug|Any CPU.ActiveCfg = Debug|Any CPU
		{624A3F23-C6FE-472E-B4E5-5587F114AA0E}.Debug|Any CPU.Build.0 = Debug|Any CPU
		{624A3F23-C6FE-472E-B4E5-5587F114AA0E}.Release|Any CPU.ActiveCfg = Release|Any CPU
		{624A3F23-C6FE-472E-B4E5-5587F114AA0E}.Release|Any CPU.Build.0 = Release|Any CPU
		{17370122-FFA6-47EC-8D0C-03E826B157E3}.Debug|Any CPU.ActiveCfg = Debug|Any CPU
		{17370122-FFA6-47EC-8D0C-03E826B157E3}.Debug|Any CPU.Build.0 = Debug|Any CPU
		{17370122-FFA6-47EC-8D0C-03E826B157E3}.Release|Any CPU.ActiveCfg = Release|Any CPU
		{17370122-FFA6-47EC-8D0C-03E826B157E3}.Release|Any CPU.Build.0 = Release|Any CPU
	EndGlobalSection
	GlobalSection(SolutionProperties) = preSolution
		HideSolutionNode = FALSE
	EndGlobalSection
	GlobalSection(ExtensibilityGlobals) = postSolution
		SolutionGuid = {ABA80580-0246-4BFC-957B-AE0F5F743F28}
	EndGlobalSection
EndGlobal
