
Microsoft Visual Studio Solution File, Format Version 12.00
# Visual Studio Version 17
VisualStudioVersion = 17.9.34902.65
MinimumVisualStudioVersion = 10.0.40219.1
Project("{FAE04EC0-301F-11D3-BF4B-00C04F79EFBC}") = "Q_01", "Q_01\Q_01.csproj", "{5A8EB0E7-7F82-4197-A414-21E3E0087C3F}"
EndProject
Project("{FAE04EC0-301F-11D3-BF4B-00C04F79EFBC}") = "Q_02", "Q_02\Q_02.csproj", "{988A8F31-2375-4180-AC24-2F4BE7F5F399}"
EndProject
Project("{FAE04EC0-301F-11D3-BF4B-00C04F79EFBC}") = "Q_03", "Q_03\Q_03.csproj", "{BB083D77-F11F-4B6C-8D48-7E48612B6FFA}"
EndProject
Project("{FAE04EC0-301F-11D3-BF4B-00C04F79EFBC}") = "Q_04", "Q_04\Q_04.csproj", "{0121A52D-A836-4DF3-8BFA-393BD79073C9}"
EndProject
Project("{FAE04EC0-301F-11D3-BF4B-00C04F79EFBC}") = "Q_05", "Q_05\Q_05.csproj", "{83F08D88-0802-4686-AFBC-1147466BB80A}"
EndProject
Project("{FAE04EC0-301F-11D3-BF4B-00C04F79EFBC}") = "Q_06", "Q_06\Q_06.csproj", "{89AD18E0-E220-40F4-8C4F-96C4A3E3B6B2}"
EndProject
Project("{FAE04EC0-301F-11D3-BF4B-00C04F79EFBC}") = "Q_07", "Q_07\Q_07.csproj", "{892EDD2B-8A3B-4080-84A4-1359A112F263}"
EndProject
Project("{FAE04EC0-301F-11D3-BF4B-00C04F79EFBC}") = "Q_08", "Q_08\Q_08.csproj", "{1D69D543-2B48-458A-92F9-AAD58B16FB0D}"
EndProject
Project("{FAE04EC0-301F-11D3-BF4B-00C04F79EFBC}") = "Q_09", "Q_09\Q_09.csproj", "{BDC50612-9781-40E1-A371-FDD494E669D2}"
EndProject
Project("{FAE04EC0-301F-11D3-BF4B-00C04F79EFBC}") = "Q_10", "Q_10\Q_10.csproj", "{258397F2-DA47-4AB2-90FF-4668277E17F8}"
EndProject
Project("{FAE04EC0-301F-11D3-BF4B-00C04F79EFBC}") = "Q_11", "Q_11\Q_11.csproj", "{7FFB40E6-42F7-4C9C-96DA-DE2A4CB80965}"
EndProject
Project("{FAE04EC0-301F-11D3-BF4B-00C04F79EFBC}") = "Q_12", "Q_12\Q_12.csproj", "{C82298D5-6298-417D-A3A6-9B514FB8CBE2}"
EndProject
Project("{FAE04EC0-301F-11D3-BF4B-00C04F79EFBC}") = "Q_13", "Q_13\Q_13.csproj", "{97378292-2813-438C-9C52-380563946C51}"
EndProject
Global
	GlobalSection(SolutionConfigurationPlatforms) = preSolution
		Debug|Any CPU = Debug|Any CPU
		Release|Any CPU = Release|Any CPU
	EndGlobalSection
	GlobalSection(ProjectConfigurationPlatforms) = postSolution
		{5A8EB0E7-7F82-4197-A414-21E3E0087C3F}.Debug|Any CPU.ActiveCfg = Debug|Any CPU
		{5A8EB0E7-7F82-4197-A414-21E3E0087C3F}.Debug|Any CPU.Build.0 = Debug|Any CPU
		{5A8EB0E7-7F82-4197-A414-21E3E0087C3F}.Release|Any CPU.ActiveCfg = Release|Any CPU
		{5A8EB0E7-7F82-4197-A414-21E3E0087C3F}.Release|Any CPU.Build.0 = Release|Any CPU
		{988A8F31-2375-4180-AC24-2F4BE7F5F399}.Debug|Any CPU.ActiveCfg = Debug|Any CPU
		{988A8F31-2375-4180-AC24-2F4BE7F5F399}.Debug|Any CPU.Build.0 = Debug|Any CPU
		{988A8F31-2375-4180-AC24-2F4BE7F5F399}.Release|Any CPU.ActiveCfg = Release|Any CPU
		{988A8F31-2375-4180-AC24-2F4BE7F5F399}.Release|Any CPU.Build.0 = Release|Any CPU
		{BB083D77-F11F-4B6C-8D48-7E48612B6FFA}.Debug|Any CPU.ActiveCfg = Debug|Any CPU
		{BB083D77-F11F-4B6C-8D48-7E48612B6FFA}.Debug|Any CPU.Build.0 = Debug|Any CPU
		{BB083D77-F11F-4B6C-8D48-7E48612B6FFA}.Release|Any CPU.ActiveCfg = Release|Any CPU
		{BB083D77-F11F-4B6C-8D48-7E48612B6FFA}.Release|Any CPU.Build.0 = Release|Any CPU
		{0121A52D-A836-4DF3-8BFA-393BD79073C9}.Debug|Any CPU.ActiveCfg = Debug|Any CPU
		{0121A52D-A836-4DF3-8BFA-393BD79073C9}.Debug|Any CPU.Build.0 = Debug|Any CPU
		{0121A52D-A836-4DF3-8BFA-393BD79073C9}.Release|Any CPU.ActiveCfg = Release|Any CPU
		{0121A52D-A836-4DF3-8BFA-393BD79073C9}.Release|Any CPU.Build.0 = Release|Any CPU
		{83F08D88-0802-4686-AFBC-1147466BB80A}.Debug|Any CPU.ActiveCfg = Debug|Any CPU
		{83F08D88-0802-4686-AFBC-1147466BB80A}.Debug|Any CPU.Build.0 = Debug|Any CPU
		{83F08D88-0802-4686-AFBC-1147466BB80A}.Release|Any CPU.ActiveCfg = Release|Any CPU
		{83F08D88-0802-4686-AFBC-1147466BB80A}.Release|Any CPU.Build.0 = Release|Any CPU
		{89AD18E0-E220-40F4-8C4F-96C4A3E3B6B2}.Debug|Any CPU.ActiveCfg = Debug|Any CPU
		{89AD18E0-E220-40F4-8C4F-96C4A3E3B6B2}.Debug|Any CPU.Build.0 = Debug|Any CPU
		{89AD18E0-E220-40F4-8C4F-96C4A3E3B6B2}.Release|Any CPU.ActiveCfg = Release|Any CPU
		{89AD18E0-E220-40F4-8C4F-96C4A3E3B6B2}.Release|Any CPU.Build.0 = Release|Any CPU
		{892EDD2B-8A3B-4080-84A4-1359A112F263}.Debug|Any CPU.ActiveCfg = Debug|Any CPU
		{892EDD2B-8A3B-4080-84A4-1359A112F263}.Debug|Any CPU.Build.0 = Debug|Any CPU
		{892EDD2B-8A3B-4080-84A4-1359A112F263}.Release|Any CPU.ActiveCfg = Release|Any CPU
		{892EDD2B-8A3B-4080-84A4-1359A112F263}.Release|Any CPU.Build.0 = Release|Any CPU
		{1D69D543-2B48-458A-92F9-AAD58B16FB0D}.Debug|Any CPU.ActiveCfg = Debug|Any CPU
		{1D69D543-2B48-458A-92F9-AAD58B16FB0D}.Debug|Any CPU.Build.0 = Debug|Any CPU
		{1D69D543-2B48-458A-92F9-AAD58B16FB0D}.Release|Any CPU.ActiveCfg = Release|Any CPU
		{1D69D543-2B48-458A-92F9-AAD58B16FB0D}.Release|Any CPU.Build.0 = Release|Any CPU
		{BDC50612-9781-40E1-A371-FDD494E669D2}.Debug|Any CPU.ActiveCfg = Debug|Any CPU
		{BDC50612-9781-40E1-A371-FDD494E669D2}.Debug|Any CPU.Build.0 = Debug|Any CPU
		{BDC50612-9781-40E1-A371-FDD494E669D2}.Release|Any CPU.ActiveCfg = Release|Any CPU
		{BDC50612-9781-40E1-A371-FDD494E669D2}.Release|Any CPU.Build.0 = Release|Any CPU
		{258397F2-DA47-4AB2-90FF-4668277E17F8}.Debug|Any CPU.ActiveCfg = Debug|Any CPU
		{258397F2-DA47-4AB2-90FF-4668277E17F8}.Debug|Any CPU.Build.0 = Debug|Any CPU
		{258397F2-DA47-4AB2-90FF-4668277E17F8}.Release|Any CPU.ActiveCfg = Release|Any CPU
		{258397F2-DA47-4AB2-90FF-4668277E17F8}.Release|Any CPU.Build.0 = Release|Any CPU
		{7FFB40E6-42F7-4C9C-96DA-DE2A4CB80965}.Debug|Any CPU.ActiveCfg = Debug|Any CPU
		{7FFB40E6-42F7-4C9C-96DA-DE2A4CB80965}.Debug|Any CPU.Build.0 = Debug|Any CPU
		{7FFB40E6-42F7-4C9C-96DA-DE2A4CB80965}.Release|Any CPU.ActiveCfg = Release|Any CPU
		{7FFB40E6-42F7-4C9C-96DA-DE2A4CB80965}.Release|Any CPU.Build.0 = Release|Any CPU
		{C82298D5-6298-417D-A3A6-9B514FB8CBE2}.Debug|Any CPU.ActiveCfg = Debug|Any CPU
		{C82298D5-6298-417D-A3A6-9B514FB8CBE2}.Debug|Any CPU.Build.0 = Debug|Any CPU
		{C82298D5-6298-417D-A3A6-9B514FB8CBE2}.Release|Any CPU.ActiveCfg = Release|Any CPU
		{C82298D5-6298-417D-A3A6-9B514FB8CBE2}.Release|Any CPU.Build.0 = Release|Any CPU
		{97378292-2813-438C-9C52-380563946C51}.Debug|Any CPU.ActiveCfg = Debug|Any CPU
		{97378292-2813-438C-9C52-380563946C51}.Debug|Any CPU.Build.0 = Debug|Any CPU
		{97378292-2813-438C-9C52-380563946C51}.Release|Any CPU.ActiveCfg = Release|Any CPU
		{97378292-2813-438C-9C52-380563946C51}.Release|Any CPU.Build.0 = Release|Any CPU
	EndGlobalSection
	GlobalSection(SolutionProperties) = preSolution
		HideSolutionNode = FALSE
	EndGlobalSection
	GlobalSection(ExtensibilityGlobals) = postSolution
		SolutionGuid = {C5E16209-6108-477A-9277-31F470FB969B}
	EndGlobalSection
EndGlobal
