
Microsoft Visual Studio Solution File, Format Version 12.00
# Visual Studio Version 17
VisualStudioVersion = 17.7.34031.279
MinimumVisualStudioVersion = 10.0.40219.1
Project("{FAE04EC0-301F-11D3-BF4B-00C04F79EFBC}") = "Q_01", "Q_01\Q_01.csproj", "{A90BD336-0A19-42CE-8A5E-6EED660F093B}"
EndProject
Project("{FAE04EC0-301F-11D3-BF4B-00C04F79EFBC}") = "Q_02", "Q_02\Q_02.csproj", "{FA3A33B3-F284-48D9-B648-B25FD8EDD29F}"
EndProject
Project("{FAE04EC0-301F-11D3-BF4B-00C04F79EFBC}") = "Q_03", "Q_03\Q_03.csproj", "{BDE32B72-49FE-4BD1-8A76-240F0D46BF68}"
EndProject
Project("{FAE04EC0-301F-11D3-BF4B-00C04F79EFBC}") = "Q_04", "Q_04\Q_04.csproj", "{6733D942-961E-4AFB-B755-C49B1D20255E}"
EndProject
Project("{FAE04EC0-301F-11D3-BF4B-00C04F79EFBC}") = "Q_05", "Q_05\Q_05.csproj", "{B58CF4B9-EBE2-4075-9BA4-82AD75E9944A}"
EndProject
Project("{FAE04EC0-301F-11D3-BF4B-00C04F79EFBC}") = "Q_06", "Q_06\Q_06.csproj", "{14831BB4-4C4E-4841-8841-90FE70011BD9}"
EndProject
Project("{FAE04EC0-301F-11D3-BF4B-00C04F79EFBC}") = "Q_07", "Q_07\Q_07.csproj", "{6B5EF0E2-421B-4D7E-BF8E-2DDB5EBC4E15}"
EndProject
Project("{FAE04EC0-301F-11D3-BF4B-00C04F79EFBC}") = "Q_08", "Q_08\Q_08.csproj", "{C63EAF8F-2F54-4CAF-9FEE-30D27AD9A5DD}"
EndProject
Project("{FAE04EC0-301F-11D3-BF4B-00C04F79EFBC}") = "Q_09", "Q_09\Q_09.csproj", "{EDAB542D-3409-4D78-9AE9-E37129DE3A07}"
EndProject
Project("{FAE04EC0-301F-11D3-BF4B-00C04F79EFBC}") = "Q_10", "Q_10\Q_10.csproj", "{0E61AB2D-50EE-4843-BBAE-C94503FC295D}"
EndProject
Project("{FAE04EC0-301F-11D3-BF4B-00C04F79EFBC}") = "Q_11", "Q_11\Q_11.csproj", "{3E83413F-7F34-4904-AE20-57596E5F66A9}"
EndProject
Project("{FAE04EC0-301F-11D3-BF4B-00C04F79EFBC}") = "Q_12", "Q_12\Q_12.csproj", "{1C61EC70-ED6C-414E-AB4C-33AB3D1FA545}"
EndProject
Project("{FAE04EC0-301F-11D3-BF4B-00C04F79EFBC}") = "Q_13", "Q_13\Q_13.csproj", "{FAF6BB92-3218-4EB3-AE72-D1877ACF2C3D}"
EndProject
Project("{FAE04EC0-301F-11D3-BF4B-00C04F79EFBC}") = "Q_14", "Q_14\Q_14.csproj", "{A191E1AB-C976-490C-BD27-8DB9882AAF00}"
EndProject
Project("{FAE04EC0-301F-11D3-BF4B-00C04F79EFBC}") = "Q_15", "Q_15\Q_15.csproj", "{BF5A3C6D-D01A-45AD-BC64-E34E40372F79}"
EndProject
Project("{FAE04EC0-301F-11D3-BF4B-00C04F79EFBC}") = "Q_16", "Q_16\Q_16.csproj", "{5C4FE8C1-4FD7-47A9-AC3D-17706E5BE428}"
EndProject
Project("{FAE04EC0-301F-11D3-BF4B-00C04F79EFBC}") = "Q_17", "Q_17\Q_17.csproj", "{CFC5A23A-E51B-470B-8A84-01249B109322}"
EndProject
Project("{FAE04EC0-301F-11D3-BF4B-00C04F79EFBC}") = "Q_18", "Q_18\Q_18.csproj", "{74009230-220B-4498-B06D-2D57F9925EC0}"
EndProject
Project("{FAE04EC0-301F-11D3-BF4B-00C04F79EFBC}") = "Q_19", "Q_19\Q_19.csproj", "{8FE5C09C-021A-47B0-A83B-D92610C7E443}"
EndProject
Project("{FAE04EC0-301F-11D3-BF4B-00C04F79EFBC}") = "Q_20", "Q_20\Q_20.csproj", "{7E3F4026-C1E3-493B-A3C2-2695275EB9F7}"
EndProject
Project("{FAE04EC0-301F-11D3-BF4B-00C04F79EFBC}") = "Q_21", "Q_21\Q_21.csproj", "{D6E2810B-5E12-4EAA-B340-44D589C93F8F}"
EndProject
Project("{FAE04EC0-301F-11D3-BF4B-00C04F79EFBC}") = "Q_22", "Q_22\Q_22.csproj", "{ACD77076-CEC3-4CC8-92A7-210D1584CA99}"
EndProject
Project("{FAE04EC0-301F-11D3-BF4B-00C04F79EFBC}") = "Q_23", "Q_23\Q_23.csproj", "{D4CC90DF-F7E5-410A-80E2-AAC2F69E2DB1}"
EndProject
Project("{FAE04EC0-301F-11D3-BF4B-00C04F79EFBC}") = "Q_24", "Q_24\Q_24.csproj", "{D7306985-8CDC-4DD1-9D3B-CF97AC4CA5B4}"
EndProject
Project("{FAE04EC0-301F-11D3-BF4B-00C04F79EFBC}") = "Q_25", "Q_25\Q_25.csproj", "{A7E7092A-9F2D-45A4-AF8B-B6C1814CB616}"
EndProject
Project("{FAE04EC0-301F-11D3-BF4B-00C04F79EFBC}") = "Q_26", "Q_26\Q_26.csproj", "{6AC9C84D-5BA1-45D7-A510-BEEE33810446}"
EndProject
Project("{FAE04EC0-301F-11D3-BF4B-00C04F79EFBC}") = "Q_27", "Q_27\Q_27.csproj", "{8F0AA7F8-9007-4012-B19B-DA1C636E85A4}"
EndProject
Project("{FAE04EC0-301F-11D3-BF4B-00C04F79EFBC}") = "Q_28", "Q_28\Q_28.csproj", "{D6CA4094-5039-4226-AB06-6A5A03B80869}"
EndProject
Project("{FAE04EC0-301F-11D3-BF4B-00C04F79EFBC}") = "Q_29", "Q_29\Q_29.csproj", "{8129F83D-2F21-4058-9FD8-E49812E540D5}"
EndProject
Project("{FAE04EC0-301F-11D3-BF4B-00C04F79EFBC}") = "Q_30", "Q_30\Q_30.csproj", "{5F7DE7B3-9134-4750-A6B4-A87EF199BAB3}"
EndProject
Project("{FAE04EC0-301F-11D3-BF4B-00C04F79EFBC}") = "Q_31", "Q_31\Q_31.csproj", "{C55EF900-315E-4AA5-BBB8-1A41ECC1B9BB}"
EndProject
Project("{FAE04EC0-301F-11D3-BF4B-00C04F79EFBC}") = "Q_32", "Q_32\Q_32.csproj", "{1070669D-C860-47CC-9BD1-8EA8FEF0A032}"
EndProject
Project("{FAE04EC0-301F-11D3-BF4B-00C04F79EFBC}") = "Q_33", "Q_33\Q_33.csproj", "{A42CD886-BC99-4527-8387-3DFD2A36C8D9}"
EndProject
Project("{FAE04EC0-301F-11D3-BF4B-00C04F79EFBC}") = "Q_34", "Q_34\Q_34.csproj", "{A7AE04B1-AD43-40E5-9878-575D21CEAA1A}"
EndProject
Project("{FAE04EC0-301F-11D3-BF4B-00C04F79EFBC}") = "Q_35", "Q_35\Q_35.csproj", "{952F7223-556B-46F5-A69E-174354318F56}"
EndProject
Project("{FAE04EC0-301F-11D3-BF4B-00C04F79EFBC}") = "Q_36", "Q_36\Q_36.csproj", "{9E44A825-46F6-42A9-B512-6B1DC2A5C6F6}"
EndProject
Project("{FAE04EC0-301F-11D3-BF4B-00C04F79EFBC}") = "Q_37", "Q_37\Q_37.csproj", "{9A7CDB01-DC60-47E7-A73E-72B9E4477F9D}"
EndProject
Project("{FAE04EC0-301F-11D3-BF4B-00C04F79EFBC}") = "Q_38", "Q_38\Q_38.csproj", "{CA4AC95A-3C68-4BE0-ADC9-02EF39A4AA9E}"
EndProject
Project("{FAE04EC0-301F-11D3-BF4B-00C04F79EFBC}") = "Q_39", "Q_39\Q_39.csproj", "{A23C066E-42BC-4340-B741-6FEF9B941370}"
EndProject
Project("{FAE04EC0-301F-11D3-BF4B-00C04F79EFBC}") = "Q_40", "Q_40\Q_40.csproj", "{E92D0043-9072-4B31-BB8D-0C29A02D71B6}"
EndProject
Project("{FAE04EC0-301F-11D3-BF4B-00C04F79EFBC}") = "Q_41", "Q_41\Q_41.csproj", "{FC4F3A29-E24F-4036-AEBF-2BB10F0A2DF5}"
EndProject
Project("{FAE04EC0-301F-11D3-BF4B-00C04F79EFBC}") = "Q_42", "Q_42\Q_42.csproj", "{CAD02D13-26C8-4637-9015-1DFB6D1176CB}"
EndProject
Project("{FAE04EC0-301F-11D3-BF4B-00C04F79EFBC}") = "Q_43", "Q_43\Q_43.csproj", "{A905C3EB-8148-4A90-BC1D-007B11DCC9C8}"
EndProject
Project("{FAE04EC0-301F-11D3-BF4B-00C04F79EFBC}") = "Q_44", "Q_44\Q_44.csproj", "{52AEC515-AB65-4CA5-BB1E-257B2E8885C4}"
EndProject
Project("{FAE04EC0-301F-11D3-BF4B-00C04F79EFBC}") = "Q_45", "Q_45\Q_45.csproj", "{56521AE3-E91B-4CE7-8720-DD4688B06771}"
EndProject
Project("{FAE04EC0-301F-11D3-BF4B-00C04F79EFBC}") = "Q_46", "Q_46\Q_46.csproj", "{130B6C83-7827-4219-A8BA-E01551F799A3}"
EndProject
Project("{FAE04EC0-301F-11D3-BF4B-00C04F79EFBC}") = "Q_47", "Q_47\Q_47.csproj", "{20A921B1-7936-4CB9-B726-8002C340FD3A}"
EndProject
Project("{FAE04EC0-301F-11D3-BF4B-00C04F79EFBC}") = "Q_48", "Q_48\Q_48.csproj", "{097F733A-ABDB-4DA5-9B7E-184DE4FA9E9D}"
EndProject
Project("{FAE04EC0-301F-11D3-BF4B-00C04F79EFBC}") = "Q_49", "Q_49\Q_49.csproj", "{2176FE76-9A1A-4B7B-89CC-D894C2D53453}"
EndProject
Project("{FAE04EC0-301F-11D3-BF4B-00C04F79EFBC}") = "Q_50", "Q_50\Q_50.csproj", "{EA740C82-F7E9-4C47-86D4-CF01DC631658}"
EndProject
Project("{FAE04EC0-301F-11D3-BF4B-00C04F79EFBC}") = "Q_51", "Q_51\Q_51.csproj", "{2A3F1D3A-0DF5-4115-B099-48B789EE78C0}"
EndProject
Project("{FAE04EC0-301F-11D3-BF4B-00C04F79EFBC}") = "Q_52", "Q_52\Q_52.csproj", "{80C15E9C-F302-46E1-8E63-4E8077135EEF}"
EndProject
Project("{FAE04EC0-301F-11D3-BF4B-00C04F79EFBC}") = "Q_53", "Q_53\Q_53.csproj", "{5B6B4D0B-46D9-4130-82A9-D334B88440FB}"
EndProject
Project("{FAE04EC0-301F-11D3-BF4B-00C04F79EFBC}") = "Q_54", "Q_54\Q_54.csproj", "{2E8F61EF-9723-4508-9548-5710267E6350}"
EndProject
Project("{FAE04EC0-301F-11D3-BF4B-00C04F79EFBC}") = "Q_55", "Q_55\Q_55.csproj", "{86356D42-5401-4809-8A31-D5EACFF7B647}"
EndProject
Project("{FAE04EC0-301F-11D3-BF4B-00C04F79EFBC}") = "Q_56", "Q_56\Q_56.csproj", "{2DF27230-E582-48C5-BDC0-3BA7A2CA7A9B}"
EndProject
Project("{FAE04EC0-301F-11D3-BF4B-00C04F79EFBC}") = "Q_57", "Q_57\Q_57.csproj", "{BFCBF090-F10C-479E-AD96-888A42217A0D}"
EndProject
Project("{FAE04EC0-301F-11D3-BF4B-00C04F79EFBC}") = "Q_58", "Q_58\Q_58.csproj", "{DC02C0E2-E724-4E3D-B5C6-470BF942A758}"
EndProject
Project("{FAE04EC0-301F-11D3-BF4B-00C04F79EFBC}") = "Q_59", "Q_59\Q_59.csproj", "{C574E377-C7F8-460A-8CCB-4C360F3CA5F8}"
EndProject
Project("{FAE04EC0-301F-11D3-BF4B-00C04F79EFBC}") = "Q_60", "Q_60\Q_60.csproj", "{1CE3FF15-3320-4CAC-8AAF-DA74D1CB8EAE}"
EndProject
Global
	GlobalSection(SolutionConfigurationPlatforms) = preSolution
		Debug|Any CPU = Debug|Any CPU
		Release|Any CPU = Release|Any CPU
	EndGlobalSection
	GlobalSection(ProjectConfigurationPlatforms) = postSolution
		{A90BD336-0A19-42CE-8A5E-6EED660F093B}.Debug|Any CPU.ActiveCfg = Debug|Any CPU
		{A90BD336-0A19-42CE-8A5E-6EED660F093B}.Debug|Any CPU.Build.0 = Debug|Any CPU
		{A90BD336-0A19-42CE-8A5E-6EED660F093B}.Release|Any CPU.ActiveCfg = Release|Any CPU
		{A90BD336-0A19-42CE-8A5E-6EED660F093B}.Release|Any CPU.Build.0 = Release|Any CPU
		{FA3A33B3-F284-48D9-B648-B25FD8EDD29F}.Debug|Any CPU.ActiveCfg = Debug|Any CPU
		{FA3A33B3-F284-48D9-B648-B25FD8EDD29F}.Debug|Any CPU.Build.0 = Debug|Any CPU
		{FA3A33B3-F284-48D9-B648-B25FD8EDD29F}.Release|Any CPU.ActiveCfg = Release|Any CPU
		{FA3A33B3-F284-48D9-B648-B25FD8EDD29F}.Release|Any CPU.Build.0 = Release|Any CPU
		{BDE32B72-49FE-4BD1-8A76-240F0D46BF68}.Debug|Any CPU.ActiveCfg = Debug|Any CPU
		{BDE32B72-49FE-4BD1-8A76-240F0D46BF68}.Debug|Any CPU.Build.0 = Debug|Any CPU
		{BDE32B72-49FE-4BD1-8A76-240F0D46BF68}.Release|Any CPU.ActiveCfg = Release|Any CPU
		{BDE32B72-49FE-4BD1-8A76-240F0D46BF68}.Release|Any CPU.Build.0 = Release|Any CPU
		{6733D942-961E-4AFB-B755-C49B1D20255E}.Debug|Any CPU.ActiveCfg = Debug|Any CPU
		{6733D942-961E-4AFB-B755-C49B1D20255E}.Debug|Any CPU.Build.0 = Debug|Any CPU
		{6733D942-961E-4AFB-B755-C49B1D20255E}.Release|Any CPU.ActiveCfg = Release|Any CPU
		{6733D942-961E-4AFB-B755-C49B1D20255E}.Release|Any CPU.Build.0 = Release|Any CPU
		{B58CF4B9-EBE2-4075-9BA4-82AD75E9944A}.Debug|Any CPU.ActiveCfg = Debug|Any CPU
		{B58CF4B9-EBE2-4075-9BA4-82AD75E9944A}.Debug|Any CPU.Build.0 = Debug|Any CPU
		{B58CF4B9-EBE2-4075-9BA4-82AD75E9944A}.Release|Any CPU.ActiveCfg = Release|Any CPU
		{B58CF4B9-EBE2-4075-9BA4-82AD75E9944A}.Release|Any CPU.Build.0 = Release|Any CPU
		{14831BB4-4C4E-4841-8841-90FE70011BD9}.Debug|Any CPU.ActiveCfg = Debug|Any CPU
		{14831BB4-4C4E-4841-8841-90FE70011BD9}.Debug|Any CPU.Build.0 = Debug|Any CPU
		{14831BB4-4C4E-4841-8841-90FE70011BD9}.Release|Any CPU.ActiveCfg = Release|Any CPU
		{14831BB4-4C4E-4841-8841-90FE70011BD9}.Release|Any CPU.Build.0 = Release|Any CPU
		{6B5EF0E2-421B-4D7E-BF8E-2DDB5EBC4E15}.Debug|Any CPU.ActiveCfg = Debug|Any CPU
		{6B5EF0E2-421B-4D7E-BF8E-2DDB5EBC4E15}.Debug|Any CPU.Build.0 = Debug|Any CPU
		{6B5EF0E2-421B-4D7E-BF8E-2DDB5EBC4E15}.Release|Any CPU.ActiveCfg = Release|Any CPU
		{6B5EF0E2-421B-4D7E-BF8E-2DDB5EBC4E15}.Release|Any CPU.Build.0 = Release|Any CPU
		{C63EAF8F-2F54-4CAF-9FEE-30D27AD9A5DD}.Debug|Any CPU.ActiveCfg = Debug|Any CPU
		{C63EAF8F-2F54-4CAF-9FEE-30D27AD9A5DD}.Debug|Any CPU.Build.0 = Debug|Any CPU
		{C63EAF8F-2F54-4CAF-9FEE-30D27AD9A5DD}.Release|Any CPU.ActiveCfg = Release|Any CPU
		{C63EAF8F-2F54-4CAF-9FEE-30D27AD9A5DD}.Release|Any CPU.Build.0 = Release|Any CPU
		{EDAB542D-3409-4D78-9AE9-E37129DE3A07}.Debug|Any CPU.ActiveCfg = Debug|Any CPU
		{EDAB542D-3409-4D78-9AE9-E37129DE3A07}.Debug|Any CPU.Build.0 = Debug|Any CPU
		{EDAB542D-3409-4D78-9AE9-E37129DE3A07}.Release|Any CPU.ActiveCfg = Release|Any CPU
		{EDAB542D-3409-4D78-9AE9-E37129DE3A07}.Release|Any CPU.Build.0 = Release|Any CPU
		{0E61AB2D-50EE-4843-BBAE-C94503FC295D}.Debug|Any CPU.ActiveCfg = Debug|Any CPU
		{0E61AB2D-50EE-4843-BBAE-C94503FC295D}.Debug|Any CPU.Build.0 = Debug|Any CPU
		{0E61AB2D-50EE-4843-BBAE-C94503FC295D}.Release|Any CPU.ActiveCfg = Release|Any CPU
		{0E61AB2D-50EE-4843-BBAE-C94503FC295D}.Release|Any CPU.Build.0 = Release|Any CPU
		{3E83413F-7F34-4904-AE20-57596E5F66A9}.Debug|Any CPU.ActiveCfg = Debug|Any CPU
		{3E83413F-7F34-4904-AE20-57596E5F66A9}.Debug|Any CPU.Build.0 = Debug|Any CPU
		{3E83413F-7F34-4904-AE20-57596E5F66A9}.Release|Any CPU.ActiveCfg = Release|Any CPU
		{3E83413F-7F34-4904-AE20-57596E5F66A9}.Release|Any CPU.Build.0 = Release|Any CPU
		{1C61EC70-ED6C-414E-AB4C-33AB3D1FA545}.Debug|Any CPU.ActiveCfg = Debug|Any CPU
		{1C61EC70-ED6C-414E-AB4C-33AB3D1FA545}.Debug|Any CPU.Build.0 = Debug|Any CPU
		{1C61EC70-ED6C-414E-AB4C-33AB3D1FA545}.Release|Any CPU.ActiveCfg = Release|Any CPU
		{1C61EC70-ED6C-414E-AB4C-33AB3D1FA545}.Release|Any CPU.Build.0 = Release|Any CPU
		{FAF6BB92-3218-4EB3-AE72-D1877ACF2C3D}.Debug|Any CPU.ActiveCfg = Debug|Any CPU
		{FAF6BB92-3218-4EB3-AE72-D1877ACF2C3D}.Debug|Any CPU.Build.0 = Debug|Any CPU
		{FAF6BB92-3218-4EB3-AE72-D1877ACF2C3D}.Release|Any CPU.ActiveCfg = Release|Any CPU
		{FAF6BB92-3218-4EB3-AE72-D1877ACF2C3D}.Release|Any CPU.Build.0 = Release|Any CPU
		{A191E1AB-C976-490C-BD27-8DB9882AAF00}.Debug|Any CPU.ActiveCfg = Debug|Any CPU
		{A191E1AB-C976-490C-BD27-8DB9882AAF00}.Debug|Any CPU.Build.0 = Debug|Any CPU
		{A191E1AB-C976-490C-BD27-8DB9882AAF00}.Release|Any CPU.ActiveCfg = Release|Any CPU
		{A191E1AB-C976-490C-BD27-8DB9882AAF00}.Release|Any CPU.Build.0 = Release|Any CPU
		{BF5A3C6D-D01A-45AD-BC64-E34E40372F79}.Debug|Any CPU.ActiveCfg = Debug|Any CPU
		{BF5A3C6D-D01A-45AD-BC64-E34E40372F79}.Debug|Any CPU.Build.0 = Debug|Any CPU
		{BF5A3C6D-D01A-45AD-BC64-E34E40372F79}.Release|Any CPU.ActiveCfg = Release|Any CPU
		{BF5A3C6D-D01A-45AD-BC64-E34E40372F79}.Release|Any CPU.Build.0 = Release|Any CPU
		{5C4FE8C1-4FD7-47A9-AC3D-17706E5BE428}.Debug|Any CPU.ActiveCfg = Debug|Any CPU
		{5C4FE8C1-4FD7-47A9-AC3D-17706E5BE428}.Debug|Any CPU.Build.0 = Debug|Any CPU
		{5C4FE8C1-4FD7-47A9-AC3D-17706E5BE428}.Release|Any CPU.ActiveCfg = Release|Any CPU
		{5C4FE8C1-4FD7-47A9-AC3D-17706E5BE428}.Release|Any CPU.Build.0 = Release|Any CPU
		{CFC5A23A-E51B-470B-8A84-01249B109322}.Debug|Any CPU.ActiveCfg = Debug|Any CPU
		{CFC5A23A-E51B-470B-8A84-01249B109322}.Debug|Any CPU.Build.0 = Debug|Any CPU
		{CFC5A23A-E51B-470B-8A84-01249B109322}.Release|Any CPU.ActiveCfg = Release|Any CPU
		{CFC5A23A-E51B-470B-8A84-01249B109322}.Release|Any CPU.Build.0 = Release|Any CPU
		{74009230-220B-4498-B06D-2D57F9925EC0}.Debug|Any CPU.ActiveCfg = Debug|Any CPU
		{74009230-220B-4498-B06D-2D57F9925EC0}.Debug|Any CPU.Build.0 = Debug|Any CPU
		{74009230-220B-4498-B06D-2D57F9925EC0}.Release|Any CPU.ActiveCfg = Release|Any CPU
		{74009230-220B-4498-B06D-2D57F9925EC0}.Release|Any CPU.Build.0 = Release|Any CPU
		{8FE5C09C-021A-47B0-A83B-D92610C7E443}.Debug|Any CPU.ActiveCfg = Debug|Any CPU
		{8FE5C09C-021A-47B0-A83B-D92610C7E443}.Debug|Any CPU.Build.0 = Debug|Any CPU
		{8FE5C09C-021A-47B0-A83B-D92610C7E443}.Release|Any CPU.ActiveCfg = Release|Any CPU
		{8FE5C09C-021A-47B0-A83B-D92610C7E443}.Release|Any CPU.Build.0 = Release|Any CPU
		{7E3F4026-C1E3-493B-A3C2-2695275EB9F7}.Debug|Any CPU.ActiveCfg = Debug|Any CPU
		{7E3F4026-C1E3-493B-A3C2-2695275EB9F7}.Debug|Any CPU.Build.0 = Debug|Any CPU
		{7E3F4026-C1E3-493B-A3C2-2695275EB9F7}.Release|Any CPU.ActiveCfg = Release|Any CPU
		{7E3F4026-C1E3-493B-A3C2-2695275EB9F7}.Release|Any CPU.Build.0 = Release|Any CPU
		{D6E2810B-5E12-4EAA-B340-44D589C93F8F}.Debug|Any CPU.ActiveCfg = Debug|Any CPU
		{D6E2810B-5E12-4EAA-B340-44D589C93F8F}.Debug|Any CPU.Build.0 = Debug|Any CPU
		{D6E2810B-5E12-4EAA-B340-44D589C93F8F}.Release|Any CPU.ActiveCfg = Release|Any CPU
		{D6E2810B-5E12-4EAA-B340-44D589C93F8F}.Release|Any CPU.Build.0 = Release|Any CPU
		{ACD77076-CEC3-4CC8-92A7-210D1584CA99}.Debug|Any CPU.ActiveCfg = Debug|Any CPU
		{ACD77076-CEC3-4CC8-92A7-210D1584CA99}.Debug|Any CPU.Build.0 = Debug|Any CPU
		{ACD77076-CEC3-4CC8-92A7-210D1584CA99}.Release|Any CPU.ActiveCfg = Release|Any CPU
		{ACD77076-CEC3-4CC8-92A7-210D1584CA99}.Release|Any CPU.Build.0 = Release|Any CPU
		{D4CC90DF-F7E5-410A-80E2-AAC2F69E2DB1}.Debug|Any CPU.ActiveCfg = Debug|Any CPU
		{D4CC90DF-F7E5-410A-80E2-AAC2F69E2DB1}.Debug|Any CPU.Build.0 = Debug|Any CPU
		{D4CC90DF-F7E5-410A-80E2-AAC2F69E2DB1}.Release|Any CPU.ActiveCfg = Release|Any CPU
		{D4CC90DF-F7E5-410A-80E2-AAC2F69E2DB1}.Release|Any CPU.Build.0 = Release|Any CPU
		{D7306985-8CDC-4DD1-9D3B-CF97AC4CA5B4}.Debug|Any CPU.ActiveCfg = Debug|Any CPU
		{D7306985-8CDC-4DD1-9D3B-CF97AC4CA5B4}.Debug|Any CPU.Build.0 = Debug|Any CPU
		{D7306985-8CDC-4DD1-9D3B-CF97AC4CA5B4}.Release|Any CPU.ActiveCfg = Release|Any CPU
		{D7306985-8CDC-4DD1-9D3B-CF97AC4CA5B4}.Release|Any CPU.Build.0 = Release|Any CPU
		{A7E7092A-9F2D-45A4-AF8B-B6C1814CB616}.Debug|Any CPU.ActiveCfg = Debug|Any CPU
		{A7E7092A-9F2D-45A4-AF8B-B6C1814CB616}.Debug|Any CPU.Build.0 = Debug|Any CPU
		{A7E7092A-9F2D-45A4-AF8B-B6C1814CB616}.Release|Any CPU.ActiveCfg = Release|Any CPU
		{A7E7092A-9F2D-45A4-AF8B-B6C1814CB616}.Release|Any CPU.Build.0 = Release|Any CPU
		{6AC9C84D-5BA1-45D7-A510-BEEE33810446}.Debug|Any CPU.ActiveCfg = Debug|Any CPU
		{6AC9C84D-5BA1-45D7-A510-BEEE33810446}.Debug|Any CPU.Build.0 = Debug|Any CPU
		{6AC9C84D-5BA1-45D7-A510-BEEE33810446}.Release|Any CPU.ActiveCfg = Release|Any CPU
		{6AC9C84D-5BA1-45D7-A510-BEEE33810446}.Release|Any CPU.Build.0 = Release|Any CPU
		{8F0AA7F8-9007-4012-B19B-DA1C636E85A4}.Debug|Any CPU.ActiveCfg = Debug|Any CPU
		{8F0AA7F8-9007-4012-B19B-DA1C636E85A4}.Debug|Any CPU.Build.0 = Debug|Any CPU
		{8F0AA7F8-9007-4012-B19B-DA1C636E85A4}.Release|Any CPU.ActiveCfg = Release|Any CPU
		{8F0AA7F8-9007-4012-B19B-DA1C636E85A4}.Release|Any CPU.Build.0 = Release|Any CPU
		{D6CA4094-5039-4226-AB06-6A5A03B80869}.Debug|Any CPU.ActiveCfg = Debug|Any CPU
		{D6CA4094-5039-4226-AB06-6A5A03B80869}.Debug|Any CPU.Build.0 = Debug|Any CPU
		{D6CA4094-5039-4226-AB06-6A5A03B80869}.Release|Any CPU.ActiveCfg = Release|Any CPU
		{D6CA4094-5039-4226-AB06-6A5A03B80869}.Release|Any CPU.Build.0 = Release|Any CPU
		{8129F83D-2F21-4058-9FD8-E49812E540D5}.Debug|Any CPU.ActiveCfg = Debug|Any CPU
		{8129F83D-2F21-4058-9FD8-E49812E540D5}.Debug|Any CPU.Build.0 = Debug|Any CPU
		{8129F83D-2F21-4058-9FD8-E49812E540D5}.Release|Any CPU.ActiveCfg = Release|Any CPU
		{8129F83D-2F21-4058-9FD8-E49812E540D5}.Release|Any CPU.Build.0 = Release|Any CPU
		{5F7DE7B3-9134-4750-A6B4-A87EF199BAB3}.Debug|Any CPU.ActiveCfg = Debug|Any CPU
		{5F7DE7B3-9134-4750-A6B4-A87EF199BAB3}.Debug|Any CPU.Build.0 = Debug|Any CPU
		{5F7DE7B3-9134-4750-A6B4-A87EF199BAB3}.Release|Any CPU.ActiveCfg = Release|Any CPU
		{5F7DE7B3-9134-4750-A6B4-A87EF199BAB3}.Release|Any CPU.Build.0 = Release|Any CPU
		{C55EF900-315E-4AA5-BBB8-1A41ECC1B9BB}.Debug|Any CPU.ActiveCfg = Debug|Any CPU
		{C55EF900-315E-4AA5-BBB8-1A41ECC1B9BB}.Debug|Any CPU.Build.0 = Debug|Any CPU
		{C55EF900-315E-4AA5-BBB8-1A41ECC1B9BB}.Release|Any CPU.ActiveCfg = Release|Any CPU
		{C55EF900-315E-4AA5-BBB8-1A41ECC1B9BB}.Release|Any CPU.Build.0 = Release|Any CPU
		{1070669D-C860-47CC-9BD1-8EA8FEF0A032}.Debug|Any CPU.ActiveCfg = Debug|Any CPU
		{1070669D-C860-47CC-9BD1-8EA8FEF0A032}.Debug|Any CPU.Build.0 = Debug|Any CPU
		{1070669D-C860-47CC-9BD1-8EA8FEF0A032}.Release|Any CPU.ActiveCfg = Release|Any CPU
		{1070669D-C860-47CC-9BD1-8EA8FEF0A032}.Release|Any CPU.Build.0 = Release|Any CPU
		{A42CD886-BC99-4527-8387-3DFD2A36C8D9}.Debug|Any CPU.ActiveCfg = Debug|Any CPU
		{A42CD886-BC99-4527-8387-3DFD2A36C8D9}.Debug|Any CPU.Build.0 = Debug|Any CPU
		{A42CD886-BC99-4527-8387-3DFD2A36C8D9}.Release|Any CPU.ActiveCfg = Release|Any CPU
		{A42CD886-BC99-4527-8387-3DFD2A36C8D9}.Release|Any CPU.Build.0 = Release|Any CPU
		{A7AE04B1-AD43-40E5-9878-575D21CEAA1A}.Debug|Any CPU.ActiveCfg = Debug|Any CPU
		{A7AE04B1-AD43-40E5-9878-575D21CEAA1A}.Debug|Any CPU.Build.0 = Debug|Any CPU
		{A7AE04B1-AD43-40E5-9878-575D21CEAA1A}.Release|Any CPU.ActiveCfg = Release|Any CPU
		{A7AE04B1-AD43-40E5-9878-575D21CEAA1A}.Release|Any CPU.Build.0 = Release|Any CPU
		{952F7223-556B-46F5-A69E-174354318F56}.Debug|Any CPU.ActiveCfg = Debug|Any CPU
		{952F7223-556B-46F5-A69E-174354318F56}.Debug|Any CPU.Build.0 = Debug|Any CPU
		{952F7223-556B-46F5-A69E-174354318F56}.Release|Any CPU.ActiveCfg = Release|Any CPU
		{952F7223-556B-46F5-A69E-174354318F56}.Release|Any CPU.Build.0 = Release|Any CPU
		{9E44A825-46F6-42A9-B512-6B1DC2A5C6F6}.Debug|Any CPU.ActiveCfg = Debug|Any CPU
		{9E44A825-46F6-42A9-B512-6B1DC2A5C6F6}.Debug|Any CPU.Build.0 = Debug|Any CPU
		{9E44A825-46F6-42A9-B512-6B1DC2A5C6F6}.Release|Any CPU.ActiveCfg = Release|Any CPU
		{9E44A825-46F6-42A9-B512-6B1DC2A5C6F6}.Release|Any CPU.Build.0 = Release|Any CPU
		{9A7CDB01-DC60-47E7-A73E-72B9E4477F9D}.Debug|Any CPU.ActiveCfg = Debug|Any CPU
		{9A7CDB01-DC60-47E7-A73E-72B9E4477F9D}.Debug|Any CPU.Build.0 = Debug|Any CPU
		{9A7CDB01-DC60-47E7-A73E-72B9E4477F9D}.Release|Any CPU.ActiveCfg = Release|Any CPU
		{9A7CDB01-DC60-47E7-A73E-72B9E4477F9D}.Release|Any CPU.Build.0 = Release|Any CPU
		{CA4AC95A-3C68-4BE0-ADC9-02EF39A4AA9E}.Debug|Any CPU.ActiveCfg = Debug|Any CPU
		{CA4AC95A-3C68-4BE0-ADC9-02EF39A4AA9E}.Debug|Any CPU.Build.0 = Debug|Any CPU
		{CA4AC95A-3C68-4BE0-ADC9-02EF39A4AA9E}.Release|Any CPU.ActiveCfg = Release|Any CPU
		{CA4AC95A-3C68-4BE0-ADC9-02EF39A4AA9E}.Release|Any CPU.Build.0 = Release|Any CPU
		{A23C066E-42BC-4340-B741-6FEF9B941370}.Debug|Any CPU.ActiveCfg = Debug|Any CPU
		{A23C066E-42BC-4340-B741-6FEF9B941370}.Debug|Any CPU.Build.0 = Debug|Any CPU
		{A23C066E-42BC-4340-B741-6FEF9B941370}.Release|Any CPU.ActiveCfg = Release|Any CPU
		{A23C066E-42BC-4340-B741-6FEF9B941370}.Release|Any CPU.Build.0 = Release|Any CPU
		{E92D0043-9072-4B31-BB8D-0C29A02D71B6}.Debug|Any CPU.ActiveCfg = Debug|Any CPU
		{E92D0043-9072-4B31-BB8D-0C29A02D71B6}.Debug|Any CPU.Build.0 = Debug|Any CPU
		{E92D0043-9072-4B31-BB8D-0C29A02D71B6}.Release|Any CPU.ActiveCfg = Release|Any CPU
		{E92D0043-9072-4B31-BB8D-0C29A02D71B6}.Release|Any CPU.Build.0 = Release|Any CPU
		{FC4F3A29-E24F-4036-AEBF-2BB10F0A2DF5}.Debug|Any CPU.ActiveCfg = Debug|Any CPU
		{FC4F3A29-E24F-4036-AEBF-2BB10F0A2DF5}.Debug|Any CPU.Build.0 = Debug|Any CPU
		{FC4F3A29-E24F-4036-AEBF-2BB10F0A2DF5}.Release|Any CPU.ActiveCfg = Release|Any CPU
		{FC4F3A29-E24F-4036-AEBF-2BB10F0A2DF5}.Release|Any CPU.Build.0 = Release|Any CPU
		{CAD02D13-26C8-4637-9015-1DFB6D1176CB}.Debug|Any CPU.ActiveCfg = Debug|Any CPU
		{CAD02D13-26C8-4637-9015-1DFB6D1176CB}.Debug|Any CPU.Build.0 = Debug|Any CPU
		{CAD02D13-26C8-4637-9015-1DFB6D1176CB}.Release|Any CPU.ActiveCfg = Release|Any CPU
		{CAD02D13-26C8-4637-9015-1DFB6D1176CB}.Release|Any CPU.Build.0 = Release|Any CPU
		{A905C3EB-8148-4A90-BC1D-007B11DCC9C8}.Debug|Any CPU.ActiveCfg = Debug|Any CPU
		{A905C3EB-8148-4A90-BC1D-007B11DCC9C8}.Debug|Any CPU.Build.0 = Debug|Any CPU
		{A905C3EB-8148-4A90-BC1D-007B11DCC9C8}.Release|Any CPU.ActiveCfg = Release|Any CPU
		{A905C3EB-8148-4A90-BC1D-007B11DCC9C8}.Release|Any CPU.Build.0 = Release|Any CPU
		{52AEC515-AB65-4CA5-BB1E-257B2E8885C4}.Debug|Any CPU.ActiveCfg = Debug|Any CPU
		{52AEC515-AB65-4CA5-BB1E-257B2E8885C4}.Debug|Any CPU.Build.0 = Debug|Any CPU
		{52AEC515-AB65-4CA5-BB1E-257B2E8885C4}.Release|Any CPU.ActiveCfg = Release|Any CPU
		{52AEC515-AB65-4CA5-BB1E-257B2E8885C4}.Release|Any CPU.Build.0 = Release|Any CPU
		{56521AE3-E91B-4CE7-8720-DD4688B06771}.Debug|Any CPU.ActiveCfg = Debug|Any CPU
		{56521AE3-E91B-4CE7-8720-DD4688B06771}.Debug|Any CPU.Build.0 = Debug|Any CPU
		{56521AE3-E91B-4CE7-8720-DD4688B06771}.Release|Any CPU.ActiveCfg = Release|Any CPU
		{56521AE3-E91B-4CE7-8720-DD4688B06771}.Release|Any CPU.Build.0 = Release|Any CPU
		{130B6C83-7827-4219-A8BA-E01551F799A3}.Debug|Any CPU.ActiveCfg = Debug|Any CPU
		{130B6C83-7827-4219-A8BA-E01551F799A3}.Debug|Any CPU.Build.0 = Debug|Any CPU
		{130B6C83-7827-4219-A8BA-E01551F799A3}.Release|Any CPU.ActiveCfg = Release|Any CPU
		{130B6C83-7827-4219-A8BA-E01551F799A3}.Release|Any CPU.Build.0 = Release|Any CPU
		{20A921B1-7936-4CB9-B726-8002C340FD3A}.Debug|Any CPU.ActiveCfg = Debug|Any CPU
		{20A921B1-7936-4CB9-B726-8002C340FD3A}.Debug|Any CPU.Build.0 = Debug|Any CPU
		{20A921B1-7936-4CB9-B726-8002C340FD3A}.Release|Any CPU.ActiveCfg = Release|Any CPU
		{20A921B1-7936-4CB9-B726-8002C340FD3A}.Release|Any CPU.Build.0 = Release|Any CPU
		{097F733A-ABDB-4DA5-9B7E-184DE4FA9E9D}.Debug|Any CPU.ActiveCfg = Debug|Any CPU
		{097F733A-ABDB-4DA5-9B7E-184DE4FA9E9D}.Debug|Any CPU.Build.0 = Debug|Any CPU
		{097F733A-ABDB-4DA5-9B7E-184DE4FA9E9D}.Release|Any CPU.ActiveCfg = Release|Any CPU
		{097F733A-ABDB-4DA5-9B7E-184DE4FA9E9D}.Release|Any CPU.Build.0 = Release|Any CPU
		{2176FE76-9A1A-4B7B-89CC-D894C2D53453}.Debug|Any CPU.ActiveCfg = Debug|Any CPU
		{2176FE76-9A1A-4B7B-89CC-D894C2D53453}.Debug|Any CPU.Build.0 = Debug|Any CPU
		{2176FE76-9A1A-4B7B-89CC-D894C2D53453}.Release|Any CPU.ActiveCfg = Release|Any CPU
		{2176FE76-9A1A-4B7B-89CC-D894C2D53453}.Release|Any CPU.Build.0 = Release|Any CPU
		{EA740C82-F7E9-4C47-86D4-CF01DC631658}.Debug|Any CPU.ActiveCfg = Debug|Any CPU
		{EA740C82-F7E9-4C47-86D4-CF01DC631658}.Debug|Any CPU.Build.0 = Debug|Any CPU
		{EA740C82-F7E9-4C47-86D4-CF01DC631658}.Release|Any CPU.ActiveCfg = Release|Any CPU
		{EA740C82-F7E9-4C47-86D4-CF01DC631658}.Release|Any CPU.Build.0 = Release|Any CPU
		{2A3F1D3A-0DF5-4115-B099-48B789EE78C0}.Debug|Any CPU.ActiveCfg = Debug|Any CPU
		{2A3F1D3A-0DF5-4115-B099-48B789EE78C0}.Debug|Any CPU.Build.0 = Debug|Any CPU
		{2A3F1D3A-0DF5-4115-B099-48B789EE78C0}.Release|Any CPU.ActiveCfg = Release|Any CPU
		{2A3F1D3A-0DF5-4115-B099-48B789EE78C0}.Release|Any CPU.Build.0 = Release|Any CPU
		{80C15E9C-F302-46E1-8E63-4E8077135EEF}.Debug|Any CPU.ActiveCfg = Debug|Any CPU
		{80C15E9C-F302-46E1-8E63-4E8077135EEF}.Debug|Any CPU.Build.0 = Debug|Any CPU
		{80C15E9C-F302-46E1-8E63-4E8077135EEF}.Release|Any CPU.ActiveCfg = Release|Any CPU
		{80C15E9C-F302-46E1-8E63-4E8077135EEF}.Release|Any CPU.Build.0 = Release|Any CPU
		{5B6B4D0B-46D9-4130-82A9-D334B88440FB}.Debug|Any CPU.ActiveCfg = Debug|Any CPU
		{5B6B4D0B-46D9-4130-82A9-D334B88440FB}.Debug|Any CPU.Build.0 = Debug|Any CPU
		{5B6B4D0B-46D9-4130-82A9-D334B88440FB}.Release|Any CPU.ActiveCfg = Release|Any CPU
		{5B6B4D0B-46D9-4130-82A9-D334B88440FB}.Release|Any CPU.Build.0 = Release|Any CPU
		{2E8F61EF-9723-4508-9548-5710267E6350}.Debug|Any CPU.ActiveCfg = Debug|Any CPU
		{2E8F61EF-9723-4508-9548-5710267E6350}.Debug|Any CPU.Build.0 = Debug|Any CPU
		{2E8F61EF-9723-4508-9548-5710267E6350}.Release|Any CPU.ActiveCfg = Release|Any CPU
		{2E8F61EF-9723-4508-9548-5710267E6350}.Release|Any CPU.Build.0 = Release|Any CPU
		{86356D42-5401-4809-8A31-D5EACFF7B647}.Debug|Any CPU.ActiveCfg = Debug|Any CPU
		{86356D42-5401-4809-8A31-D5EACFF7B647}.Debug|Any CPU.Build.0 = Debug|Any CPU
		{86356D42-5401-4809-8A31-D5EACFF7B647}.Release|Any CPU.ActiveCfg = Release|Any CPU
		{86356D42-5401-4809-8A31-D5EACFF7B647}.Release|Any CPU.Build.0 = Release|Any CPU
		{2DF27230-E582-48C5-BDC0-3BA7A2CA7A9B}.Debug|Any CPU.ActiveCfg = Debug|Any CPU
		{2DF27230-E582-48C5-BDC0-3BA7A2CA7A9B}.Debug|Any CPU.Build.0 = Debug|Any CPU
		{2DF27230-E582-48C5-BDC0-3BA7A2CA7A9B}.Release|Any CPU.ActiveCfg = Release|Any CPU
		{2DF27230-E582-48C5-BDC0-3BA7A2CA7A9B}.Release|Any CPU.Build.0 = Release|Any CPU
		{BFCBF090-F10C-479E-AD96-888A42217A0D}.Debug|Any CPU.ActiveCfg = Debug|Any CPU
		{BFCBF090-F10C-479E-AD96-888A42217A0D}.Debug|Any CPU.Build.0 = Debug|Any CPU
		{BFCBF090-F10C-479E-AD96-888A42217A0D}.Release|Any CPU.ActiveCfg = Release|Any CPU
		{BFCBF090-F10C-479E-AD96-888A42217A0D}.Release|Any CPU.Build.0 = Release|Any CPU
		{DC02C0E2-E724-4E3D-B5C6-470BF942A758}.Debug|Any CPU.ActiveCfg = Debug|Any CPU
		{DC02C0E2-E724-4E3D-B5C6-470BF942A758}.Debug|Any CPU.Build.0 = Debug|Any CPU
		{DC02C0E2-E724-4E3D-B5C6-470BF942A758}.Release|Any CPU.ActiveCfg = Release|Any CPU
		{DC02C0E2-E724-4E3D-B5C6-470BF942A758}.Release|Any CPU.Build.0 = Release|Any CPU
		{C574E377-C7F8-460A-8CCB-4C360F3CA5F8}.Debug|Any CPU.ActiveCfg = Debug|Any CPU
		{C574E377-C7F8-460A-8CCB-4C360F3CA5F8}.Debug|Any CPU.Build.0 = Debug|Any CPU
		{C574E377-C7F8-460A-8CCB-4C360F3CA5F8}.Release|Any CPU.ActiveCfg = Release|Any CPU
		{C574E377-C7F8-460A-8CCB-4C360F3CA5F8}.Release|Any CPU.Build.0 = Release|Any CPU
		{1CE3FF15-3320-4CAC-8AAF-DA74D1CB8EAE}.Debug|Any CPU.ActiveCfg = Debug|Any CPU
		{1CE3FF15-3320-4CAC-8AAF-DA74D1CB8EAE}.Debug|Any CPU.Build.0 = Debug|Any CPU
		{1CE3FF15-3320-4CAC-8AAF-DA74D1CB8EAE}.Release|Any CPU.ActiveCfg = Release|Any CPU
		{1CE3FF15-3320-4CAC-8AAF-DA74D1CB8EAE}.Release|Any CPU.Build.0 = Release|Any CPU
	EndGlobalSection
	GlobalSection(SolutionProperties) = preSolution
		HideSolutionNode = FALSE
	EndGlobalSection
	GlobalSection(ExtensibilityGlobals) = postSolution
		SolutionGuid = {4581A9D5-B79C-4DF9-A4E7-6033BCCEA90B}
	EndGlobalSection
EndGlobal
